{
  "version": 4,
  "terraform_version": "0.12.3",
  "serial": 2,
  "lineage": "5e4a40cc-69cb-b5f3-e325-501bf82cf426",
  "outputs": {},
  "resources": [
    {
      "module": "module.vnet",
      "mode": "managed",
      "type": "azurerm_ddos_protection_plan",
      "name": "ddos_protection_plan",
      "provider": "provider.azurerm",
      "instances": [
        {
          "schema_version": 0,
          "attributes": {
            "id": "/subscriptions/9027b155-705c-4df1-9fe1-4793621a89e9/resourceGroups/internal.mashreq.azureuaenorth.rbg.digital_nonprod/providers/Microsoft.Network/ddosProtectionPlans/internal.mashreq.azureuaenorth.rbg.digital_nonprod.ddosplan",
            "location": "uaenorth",
            "name": "internal.mashreq.azureuaenorth.rbg.digital_nonprod.ddosplan",
            "resource_group_name": "internal.mashreq.azureuaenorth.rbg.digital_nonprod",
            "tags": {},
            "virtual_network_ids": [
              "/subscriptions/9027b155-705c-4df1-9fe1-4793621a89e9/resourceGroups/internal.mashreq.azureuaenorth.rbg.digital_nonprod/providers/Microsoft.Network/virtualNetworks/internal.mashreq.azureuaenorth.rbg.digital_nonprod"
            ]
          },
          "private": "bnVsbA=="
        }
      ]
    },
    {
      "module": "module.aks",
      "mode": "managed",
      "type": "azurerm_kubernetes_cluster",
      "name": "kubernetes_cluster",
      "provider": "provider.azurerm",
      "instances": [
        {
          "schema_version": 0,
          "attributes": {
            "addon_profile": [
              {
                "aci_connector_linux": [
                  {
                    "enabled": false,
                    "subnet_name": ""
                  }
                ],
                "azure_policy": [
                  {
                    "enabled": false
                  }
                ],
                "http_application_routing": [
                  {
                    "enabled": false,
                    "http_application_routing_zone_name": ""
                  }
                ],
                "kube_dashboard": [
                  {
                    "enabled": false
                  }
                ],
                "oms_agent": [
                  {
                    "enabled": false,
                    "log_analytics_workspace_id": ""
                  }
                ]
              }
            ],
            "agent_pool_profile": [
              {
                "availability_zones": null,
                "count": 3,
                "dns_prefix": "",
                "enable_auto_scaling": false,
                "enable_node_public_ip": false,
                "fqdn": "mashreq-aksrbg-ac17f51d.hcp.uaenorth.azmk8s.io",
                "max_count": 0,
                "max_pods": 100,
                "min_count": 0,
                "name": "aksclusrbg",
                "node_taints": null,
                "os_disk_size_gb": 64,
                "os_type": "Linux",
                "type": "AvailabilitySet",
                "vm_size": "Standard_B8ms",
                "vnet_subnet_id": "/subscriptions/9027b155-705c-4df1-9fe1-4793621a89e9/resourceGroups/internal.mashreq.azureuaenorth.rbg.digital_nonprod/providers/Microsoft.Network/virtualNetworks/internal.mashreq.azureuaenorth.rbg.digital_nonprod/subnets/internal.mashreq.azureuaenorth.rbg.digital_nonprod.aks"
              }
            ],
            "api_server_authorized_ip_ranges": null,
            "default_node_pool": [
              {
                "availability_zones": [],
                "enable_auto_scaling": false,
                "enable_node_public_ip": false,
                "max_count": 0,
                "max_pods": 100,
                "min_count": 0,
                "name": "aksclusrbg",
                "node_count": 3,
                "node_taints": [],
                "os_disk_size_gb": 64,
                "type": "AvailabilitySet",
                "vm_size": "Standard_B8ms",
                "vnet_subnet_id": "/subscriptions/9027b155-705c-4df1-9fe1-4793621a89e9/resourceGroups/internal.mashreq.azureuaenorth.rbg.digital_nonprod/providers/Microsoft.Network/virtualNetworks/internal.mashreq.azureuaenorth.rbg.digital_nonprod/subnets/internal.mashreq.azureuaenorth.rbg.digital_nonprod.aks"
              }
            ],
            "dns_prefix": "mashreq-aksrbg",
            "enable_pod_security_policy": false,
            "fqdn": "mashreq-aksrbg-ac17f51d.hcp.uaenorth.azmk8s.io",
            "id": "/subscriptions/9027b155-705c-4df1-9fe1-4793621a89e9/resourcegroups/internal.mashreq.azureuaenorth.rbg.digital_nonprod/providers/Microsoft.ContainerService/managedClusters/mashreq-aksrbg",
            "kube_admin_config": [
              {
                "client_certificate": "LS0tLS1CRUdJTiBDRVJUSUZJQ0FURS0tLS0tCk1JSUUvVENDQXVXZ0F3SUJBZ0lSQUxmOEEvRGgxZHUrT085Y2kxTnRTdE13RFFZSktvWklodmNOQVFFTEJRQXcKRFRFTE1Ba0dBMVVFQXhNQ1kyRXdIaGNOTVRreE1qRTRNVE15TmpNMldoY05NakV4TWpFM01UTXpOak0yV2pBdwpNUmN3RlFZRFZRUUtFdzV6ZVhOMFpXMDZiV0Z6ZEdWeWN6RVZNQk1HQTFVRUF4TU1iV0Z6ZEdWeVkyeHBaVzUwCk1JSUNJakFOQmdrcWhraUc5dzBCQVFFRkFBT0NBZzhBTUlJQ0NnS0NBZ0VBb2duc1F6ZTZ1R3VQWGJBRXNEelgKczMvNG5OS042SXpac3JsazhvMVV1YUNoZEFOZHo0dGxRWjc2eGtrWTBwemZZVUVnRmMrbmh5NzZ2a1FybWFNRApZL0ZMSUZpcFBRdGJJVWhuMlM2NGZxQ2QrbHpRaXNJTVhyNkc3cWVmNnNicVQ3amI5YkhHKzRJRmswSkgvUVQ5ClM5YUF0VDB6Qjdad1dsOXBUaXdOZTNSTlFtRFJ2ZGlWL2pCQTYxRVlTc2VyMXBBeFJYaGorbHlSU1YwdVlBMnkKNnRWVWdxZURaaEdrMjlJSTdpQzZWSzVoZWE0eWxWdWovZmNscVB3WUFlS00wYzI0bnA1U1dMY0s3OWJIMEZleQpzRXlITGtCTFlEeUJhSUNsRStHZ3VMWlEwR050UHBVeVR6S28xN2xjZFBDQXRTdU5TeCtKVUJxQWs3ZTZpZFRnCjNQQlBYejN3aSt4NjlQYmZJRzhJWUFZY09MaERoN0NWdW10aG5HS01vZkpkdXltZVAydi9PSkJJellhU25temEKeklEUmRjYzhkcTRQWFVJVEJuS0VLTnM0NzZFS2ppQmJvVllwWmR1aDRtZTIwUEhrRGxDeFFKdzFHZTI1WnR3YQpPdy9ZNU1HN3oxQmNkZHhCankvVWM5TDNqZjNhZmxqaVRFeDMyYSsyaUxwKzlUUUpWV1hlbnRqeXZ6Ly85QVhpCmt3QzNYMk9BRWp2aThvK3c1ZVp4RWU4WTQxeEFhSWdueHBvRGxMdW43dVRuTldnZzBoeFFISmt4UXIwVWZudHMKOU8zNlZZZlE3R015UVR0V1NqZFdWQkRYRGNlclI3ZmF2cXBmTll3YmZYVlhwMk5MSDY3aGFBcGN2QTZhYjI5UQpCUWpQdk5xSDgyRDI3RUtabEpURmQ4VUNBd0VBQWFNMU1ETXdEZ1lEVlIwUEFRSC9CQVFEQWdXZ01CTUdBMVVkCkpRUU1NQW9HQ0NzR0FRVUZCd01DTUF3R0ExVWRFd0VCL3dRQ01BQXdEUVlKS29aSWh2Y05BUUVMQlFBRGdnSUIKQUJzZDB3bHJmOG9ETlE2b3dIZzVqSWN6RmNPdzZUdzBOeUhDaVRVZlBQN0VxZC9wd01nUkcwcFBIK05jMCtNQQp0MThBcnVPZmVVZWJMSkhGcHFIbHBQRXRncm9MT3A1QjhzeFNhM3R5RlVKS3BnZXNpNGVFNmEyWlhKQ0hMVThVCng1aVYzZHdIWUtVbFMrNXZZN0tsL3NDZklXSFNHSHU0NTRNRUdoV3JzVzBZcFM5MU1uNXlsUjdDeWNyaFR2WkwKdERtbXNHcUlkT000UmNjT3pWaXZqdlJDV1liQjZZVitKU0dOTVVJbmR5NG14c290T0JXdTl4VStJd0l4L1NlVwp2UGNZNzZOZFhucHJMSnZ5c1dvYkVVMnNneXlHTk83clVNeXRxSnVxTWI1cTU3TmUvU0lOVG9NTFhIcGNqMUl6ClJRUXdsdDhhaEQ3Y2U2SktlajNQTG9CVU5JT1pncHVyb055Rm5iQUNaeHU0ZXdHaFU4dDF1Q05wd2RHZmd1UmYKY3JzZjdGZ0ErbjJHM0gveSswaTZibjk0MUtmWjhkWXdBWi9IMmZSSktYWU15SHR0VVhlOFZzR29iY2pqYlFTUQpzaU9JWGtOYjBYY1FEelVGWU5GenZhOHpWWUVpdkZnMVVoVnQ2UXlJQ0txV3ZhRk91d09QUG04WksvT05Da25RCnpsVGVFbkttc2w5U2gzMzFSVkxYaEhscW0vRmJCQW1mZXh6Z2YxTGV6cWpxOUFCOTdWcGlZZS9EaW5IZEtXODIKQjNYeVpQZnVpS2pGYlY2TFA3RFpWbHprTDE2WitaWG8vYUtYUkpuQ2pYRHF0d3Q5NlUrUFVoU1NKclpvMHFNcwo1UmFHRitKSlREY0pIVHk5a1RhdDFKQ0NaSE10WCtMVDkrUXA0aXFUL2tTQQotLS0tLUVORCBDRVJUSUZJQ0FURS0tLS0tCg==",
                "client_key": "LS0tLS1CRUdJTiBSU0EgUFJJVkFURSBLRVktLS0tLQpNSUlKS2dJQkFBS0NBZ0VBb2duc1F6ZTZ1R3VQWGJBRXNEelhzMy80bk5LTjZJelpzcmxrOG8xVXVhQ2hkQU5kCno0dGxRWjc2eGtrWTBwemZZVUVnRmMrbmh5NzZ2a1FybWFNRFkvRkxJRmlwUFF0YklVaG4yUzY0ZnFDZCtselEKaXNJTVhyNkc3cWVmNnNicVQ3amI5YkhHKzRJRmswSkgvUVQ5UzlhQXRUMHpCN1p3V2w5cFRpd05lM1JOUW1EUgp2ZGlWL2pCQTYxRVlTc2VyMXBBeFJYaGorbHlSU1YwdVlBMnk2dFZVZ3FlRFpoR2syOUlJN2lDNlZLNWhlYTR5CmxWdWovZmNscVB3WUFlS00wYzI0bnA1U1dMY0s3OWJIMEZleXNFeUhMa0JMWUR5QmFJQ2xFK0dndUxaUTBHTnQKUHBVeVR6S28xN2xjZFBDQXRTdU5TeCtKVUJxQWs3ZTZpZFRnM1BCUFh6M3dpK3g2OVBiZklHOElZQVljT0xoRApoN0NWdW10aG5HS01vZkpkdXltZVAydi9PSkJJellhU25temF6SURSZGNjOGRxNFBYVUlUQm5LRUtOczQ3NkVLCmppQmJvVllwWmR1aDRtZTIwUEhrRGxDeFFKdzFHZTI1WnR3YU93L1k1TUc3ejFCY2RkeEJqeS9VYzlMM2pmM2EKZmxqaVRFeDMyYSsyaUxwKzlUUUpWV1hlbnRqeXZ6Ly85QVhpa3dDM1gyT0FFanZpOG8rdzVlWnhFZThZNDF4QQphSWdueHBvRGxMdW43dVRuTldnZzBoeFFISmt4UXIwVWZudHM5TzM2VllmUTdHTXlRVHRXU2pkV1ZCRFhEY2VyClI3ZmF2cXBmTll3YmZYVlhwMk5MSDY3aGFBcGN2QTZhYjI5UUJRalB2TnFIODJEMjdFS1psSlRGZDhVQ0F3RUEKQVFLQ0FnRUFtbXFHWWxBYmVsL1dFZHdKdThGZmRVbUFyRUhpeGpoanhYUHpoVW0xOGVmbnRGejQ2eTNWNHNFVQpEaDNlcithYTRWMWtyQ1JsYStnVFAzcExhbS8wYlN1bkFqNDdtVmJYRTFLaTFFODN0a1J1Q0FhbkhYUnF3V2NqCnd3NnUwTmVhdHpwZE16aWxmVXljNzRaOGY5eGZYZ1FlUjVqNHBtTHZrcy9WMUk4YWtnbDFEc3FoVmgrdVlMdXYKUWhEWDYzdDRnRktOQWIwRzJiR1pLcWJINlBWbENYRWV4aHZJbGw0K0V0V0hlUlpyT3dPckZJQXk2QzZhaXcwWgpNSDU4aWw5US95Yml4eFh0TjJuSDNHTjdxMG5IbVVaMGxGamsrK0x0RjU5d3NRK1ZVREU5dGpqcUJIZTlwOGVKCkszc1Rac1ZDZ21Qc2xDaUxmSENsRXlCRmZkQUdNRUdMNXJLZVlyYkdMOVUwNlBXQ2U5ZTFhZldGWDJjQ1o4a0wKQUxXUEdWcUZlN0YzS2tLMFF0T3ZvZFlqd1dJYU1jWnVBRmVNNkxiNC9BMGF6VjRRaXVOV0dESUJXSUtFZlAwMgo1cW9lN0dnVjFnZHRQYTZaU2lXcEMrS1l3cDVCSzdTMFdVRjNUSlduY21mYWVkS2UzSUg5cVpqOExlWUdoVWNiCjhpem1ZSEFVWDEvWXlUL012VWMwSERyMkpqRGd5VnZkMi9ETUV5TlFqRWlpOGU3bWxDQzVLcFM3cndzTnNMY2kKTUxUc3FNZFpaQnB6RmQ2SnZiT3JhTk9nbzBIOXhPanhOMVNkblBsNU5mUVhiQ1ZCdWtYbXNjVVFMdHVLVHQwUwpjb2FiMW15ZHhDaXczemFtYk8yR3pzY2ZlTjBjRmwySDVHMXA5SVhORlFpcDhlTFo1b0VDZ2dFQkFOWTEvWVovCnNXWFg2ZHF4OWxERThzdXJ2MHFQWWkrTzd5WGpPbmJXcTZYcHhoOHNoekozblI2VTZsVUNvNTlxK21aOUlqeTEKZmRlS2IvVUhhYjJEZnA3VmVLdlBqOGdZMmtlYnc4VjZlT055UUgvbWZFVmNYNHB2OTNUaVFnZ1g0Vk90N0swMgo5MjV0TzBJMVVxZG1Dc3hNdTgrazNkYlZhUUdkYk1KZmViNDR1T3QxelRubTN2UFN3VmJ3dkJlUnNCTk81YTlsCmV1U3B6bFR0TXJ5a0VYRHJRSW5yTTFOZzJabUxTMzdSbjM3dDROMU1Ob3JUVHAxY1M1OTZFU1JtbWhteVlWSkcKaEw0TmhTeEZPbVhQbWlvQUhTTXZxeE1PbmhUVVNLT0huYlByekppT2Y1b1lPOTFyQ2pBWkNpbHZGRGkzMXJWZApRbGpBdk5rdngvVDJwbFVDZ2dFQkFNR21ZUEdlS3JqNEdITmtheWpoMHROaWlmNHdSdi9tYk1oK3VsTjNSSnVaCi9zU2FCYlJ5NnROd0VTMWtLOTVKRmVQTUIrWlMzVDV1T08rRzRsQWdUQnRINVloWWxobGd1aDBGOHE5M2tnVGUKa0ZkN0p0Q01OR1B0QlJ1dStnbll0bjhOSU4yNnE5OGhjUTVUT1h5cUVBNjNqL3luUFdyam9VaUpUeE1aRTI5agpTSW5seHo2NWxGam9ocmtWUDF6QmdIbDVoekhlcmlJOW1ENUd3RlI0TGt4VU05SVYrQmhSbElBczFRQllzV0dXCldYUWQrSGhRSGJ5U1FZQVdvY09Ib0RzWnJNZkY5eHN4eFpaNy9ONjV3c2dlRzhYNjc1V2FCTzB3MEhUOStBRGoKdzUwOTREdVdycjd2aitON0Nzd05UNEtKOVZyNklvUzVtcjNROC9Kcm03RUNnZ0VCQUtYWHlQKy9qdVdOWTFWWQo0SjJwelZ3WURSSzVyY2VxUHNhemhNa0s3SHVZWVRZemNEeUhWTktmY2tqOHNSYzBhTWErYktwWnpTTDU0REh4CldsRktJOWJ1Nk8wRDFvcVJpelZUaUI4MDhiRU4vSmZKSno5QUJBd1hJWnVSckpPOWdVc2E1Wms1YkJsSFlsQ2gKSGV2U1dkdlFNTHZUSlprMVFvWG9qcEp4L3J4aUIvRHNGRWFXMHRnc3ZGa0dLbW1JOXF3TU1sRTRIUXc1MXkvegpNSXZSN2xyaEYrZHZmQjQ2WmwyMDlXOHE5ZlA4VVZLanRicUhYRjhDWE40TVVJZEJGRjkrdGxCUG5tZlI2ZC9iCmZSbmp2N1J5d0J4RXhJc05qeUFMTm0yOUNrQ0k5NjdJN0V1dUpYTUljeXZIeHhGTEdYbk1BdVFKWHR0OTVQZTEKUVhjTEdyMENnZ0VBY3VJaDRUWFVZcWZNMmFoWmFvZU9hNW1xQkFMZ0hEQzNtTHFXRDY1U0pYM1dod3haRmhTVworNWtnbDYwMTJVbkNrc0lZYmF2N1ZXNU9tTXVNdDd4eGFqM2REbVovcGM2Y20xdEwvbzBSTTVKV1Q0L2dGeGtXCmU3SEJ0Z3E0aTk3bFpicUVKUWI1c0FaRzdCaXpvaUhDSlBrQmt3SWtqYVU5cWFyTUhxaGh2MU5IVllmY0RIcE0KWi9LSytvS0FkS2JYY1RtSDJ5NGdZRy9xUWdmM1VpVjZVZzRpTUNDWWJ0VDNKSk4wU2lCVUczRDI0TXhtKy9tTApxck9aNkVPRTlGc2gwKzRIY3YwZS9DTXE5WHZaS01sTHBTMDNqTnl5Qmk2NWZYM1lMWS85OFlrdUk3cnhyR2hZCmd5M2NUemhQejM2V0RQdUxjODJ4Yk13djRTeDFqUHdLQVFLQ0FRRUF0bE1sTlVjQ29jWUZSN3p2NHYvS1gxK2IKZE5QTUZhSWhUbDNWQ3hqdmpvdklXbUNuZWxEYmR3Y0VibExkZVFVd0c2Vm5FSVhHRDQ1NlVpMlFXbmZKb1VVOAo0K0RyVXFKNEoyam9aU3lER0hqeTdvY3RBVWZDVWIxSUJPdGt4SVJSU092bDBZUzRvRnhKcmRlSy82a2Njc2pYCkZNVnFDazR1S1RUQUk4WTJtS0FHdVVneVp6TnRCbitiaXJVREZma3EwcVdhMUhtZHhEUWZUQkZLT3hhVGxGdU0KYlhLSnhnZzhmNzE3VGYxY21BUFcxakU3U0pRS0VPRDNyUzdwbi82b0dlOEp0VER1TGN1TGNQN3J6K3B5aHJvRgp1eUplWUF3WlhHYUNFZFJXM1pKYit6aTFNTEhybjN6eHlocHh6cWhiMXJVUEN6dlJiTEsxdElBVTJUeThDZz09Ci0tLS0tRU5EIFJTQSBQUklWQVRFIEtFWS0tLS0tCg==",
                "cluster_ca_certificate": "LS0tLS1CRUdJTiBDRVJUSUZJQ0FURS0tLS0tCk1JSUV5RENDQXJDZ0F3SUJBZ0lSQVBYdjY0eExkOVJGR3VDdDhCLzNQQnd3RFFZSktvWklodmNOQVFFTEJRQXcKRFRFTE1Ba0dBMVVFQXhNQ1kyRXdIaGNOTVRreE1qRTRNVE15TmpNMldoY05ORGt4TWpFd01UTXpOak0yV2pBTgpNUXN3Q1FZRFZRUURFd0pqWVRDQ0FpSXdEUVlKS29aSWh2Y05BUUVCQlFBRGdnSVBBRENDQWdvQ2dnSUJBTmRUCmR6NXp6SVV0Ymh2VkpHWUVEbGhTbEwxU2NBc0lEeDFCVFBCekU2cEd6NzNMcGgya0RrSU5kQytMeHg2OENUSkYKaTQ1QjErWjYwRUsxNWhDcUFyZ1E1WFYwbEZnUThmdzhkVmlnN1p5L0xhekZCNXJrTFhpcnlkN2RqQndoKzBqawpwcTBwbHZjWWF5M1dpNHE3UmNwdHJ2RlNzK1ZZOUovQW1LbE9BcnZHbUhVVi9YK2xKSHE5OXVqaFppZG9zemQ4CkVXTzV4NWVPQllnUmgwS0pOcnZHalZTQ1gyOFdWditJNmRrbVU0R3hUWVdMWDN4QThEcUlvd1kvaUdBQWsvSGkKNGprOVRNZ2VTYWNWdCtiMWxMRzRuWndYMmJ5SFo2c2NSdzM0cXdJVmNrZ2RtMzQzY1Z5RGFiQiszVWRlajhGegphamEzUnJLNlhBYkdsbHVmVVE1bjkyOFNEY2JQcUh3KzEyUlAwM3ZaMGJLWVM0VFRrN1BibmlFUjRDbFhidlRaCkNrNWVtMnJFaHNuRVUvVlBTamRpTVNGQ3NJUTFPMVlFbHNqODFqZFpacExIY21vNVVkMTNOWkt2VGhydERnb3cKY1lxOStXR3A5UiswMDFOQS82UDRmL2d4dUhuVmJZdU9kZmQ4VDhqRHBmZi9SVHR6RVZYeGphc0lVTVVZUWg2RQpVWnIvVGJRNngxR1NZVXcramxKU1BNOFlnRE1Ea3IydGpjQVlUQzYwdTdqNk5zRU1XQXUxVFFhcVdwRzZ2VCsrCkJLUUFQTUhLaENvbXV2MXBkdVFBdFkzbkRuZW4xdXllUlNwYVkyNy9leERyditIOXp0ZUlZenJ3V3VBVFNFck4KUU5RNzI5REUrYVBpdnJwSVVsdVNQWllvS0ZBenFOZ0hqUldCMERFbkFnTUJBQUdqSXpBaE1BNEdBMVVkRHdFQgovd1FFQXdJQ3BEQVBCZ05WSFJNQkFmOEVCVEFEQVFIL01BMEdDU3FHU0liM0RRRUJDd1VBQTRJQ0FRQkxYR0dxCjFUVXJ1eFc4YUdBak5YWUplMHUvYjZCMEFtUkJTc1V0N3lSZG9DVHU1cytOdjJIdUhLQUc5K3MzNTlYd1BXc1QKMXBYTGdZSHlBdEVFU3JkalIzU2lVUEhBenhVTWpOTW5jTjl0SXphN3VtVFphdkpwTmRNM1laTytrK1ozdU9jZwpKb0tTVSttSmswNExlZis2eFdqMitQTXJNQytBVy91bmkzYWJQZ0FwUnZmMTF3UWRUWHQ4dHpUQUdKeWFJUnpDCmFRRmw3RWNzZFgzTDdVclZobmwxUWk2NEhBVXFnaXVaNWVKeVc5a3BWQ0RsVnFnUkJGUlZlOVFzSFBHZjJuN1AKMGF4ajBsNW9rUm0wSWdrM3RPNXZUMExKUWlkNzR3ekh3NnRYUWtxVzdkazNwRnlXdDVTUGcyR0dwZ3BGdjVacApEemxYYTRNTTJDU2NGZ3ora2p6Vk9kTGVzaU1qMTlQdWJMRFNiK0x4Tk8vQk1nV3YwRUZpdnNlVlRvL0ZQVm1FCjR6T0cydW8xMFJ0MjVIVEFDVW1taDNvR1ppTlRCQkFVd3lKak5ET3BrMklyQlpLZllvRnExVU03YXQrWnpienQKbjRlY2xkcGN6QVU4dkIrRjA2MEVXR2xLNy91LzdtK2YxVUZOYTFvN3VXbU5vbUJzRDFkc2VnandhcjVBSlVjMwpYZnFvdHRCamZ0dHVtQkFLYVBCa1VONkRwL0xKaGp5eXJWMGJWMWx5c2hsQUxHazc3Qzk2c1FpOHpqMW5YNWdVCnhJNm9qNVU2dUdJN21Lc2RyTkJIaWFKcTQ0cVA4L3dvVGVLd212emF2LzJ6VXNQQnFaelJkVXJoeUZURUFKckIKa01wNlJFdWJ1YmUra1h4dldZS2hzZ2VKYXhmR0RwL3QyUVJRNWc9PQotLS0tLUVORCBDRVJUSUZJQ0FURS0tLS0tCg==",
                "host": "https://mashreq-aksrbg-ac17f51d.hcp.uaenorth.azmk8s.io:443",
                "password": "543070d12629de081520cea083e81fcac21c2e44fceea2304e4b505f87520407959d05b670e0de9412780dac107ab6d4a67c5790bb4a30160a5f8f3fa8e2762c",
                "username": "clusterAdmin_internal.mashreq.azureuaenorth.rbg.digital_nonprod_mashreq-aksrbg"
              }
            ],
            "kube_admin_config_raw": "apiVersion: v1\nclusters:\n- cluster:\n    certificate-authority-data: LS0tLS1CRUdJTiBDRVJUSUZJQ0FURS0tLS0tCk1JSUV5RENDQXJDZ0F3SUJBZ0lSQVBYdjY0eExkOVJGR3VDdDhCLzNQQnd3RFFZSktvWklodmNOQVFFTEJRQXcKRFRFTE1Ba0dBMVVFQXhNQ1kyRXdIaGNOTVRreE1qRTRNVE15TmpNMldoY05ORGt4TWpFd01UTXpOak0yV2pBTgpNUXN3Q1FZRFZRUURFd0pqWVRDQ0FpSXdEUVlKS29aSWh2Y05BUUVCQlFBRGdnSVBBRENDQWdvQ2dnSUJBTmRUCmR6NXp6SVV0Ymh2VkpHWUVEbGhTbEwxU2NBc0lEeDFCVFBCekU2cEd6NzNMcGgya0RrSU5kQytMeHg2OENUSkYKaTQ1QjErWjYwRUsxNWhDcUFyZ1E1WFYwbEZnUThmdzhkVmlnN1p5L0xhekZCNXJrTFhpcnlkN2RqQndoKzBqawpwcTBwbHZjWWF5M1dpNHE3UmNwdHJ2RlNzK1ZZOUovQW1LbE9BcnZHbUhVVi9YK2xKSHE5OXVqaFppZG9zemQ4CkVXTzV4NWVPQllnUmgwS0pOcnZHalZTQ1gyOFdWditJNmRrbVU0R3hUWVdMWDN4QThEcUlvd1kvaUdBQWsvSGkKNGprOVRNZ2VTYWNWdCtiMWxMRzRuWndYMmJ5SFo2c2NSdzM0cXdJVmNrZ2RtMzQzY1Z5RGFiQiszVWRlajhGegphamEzUnJLNlhBYkdsbHVmVVE1bjkyOFNEY2JQcUh3KzEyUlAwM3ZaMGJLWVM0VFRrN1BibmlFUjRDbFhidlRaCkNrNWVtMnJFaHNuRVUvVlBTamRpTVNGQ3NJUTFPMVlFbHNqODFqZFpacExIY21vNVVkMTNOWkt2VGhydERnb3cKY1lxOStXR3A5UiswMDFOQS82UDRmL2d4dUhuVmJZdU9kZmQ4VDhqRHBmZi9SVHR6RVZYeGphc0lVTVVZUWg2RQpVWnIvVGJRNngxR1NZVXcramxKU1BNOFlnRE1Ea3IydGpjQVlUQzYwdTdqNk5zRU1XQXUxVFFhcVdwRzZ2VCsrCkJLUUFQTUhLaENvbXV2MXBkdVFBdFkzbkRuZW4xdXllUlNwYVkyNy9leERyditIOXp0ZUlZenJ3V3VBVFNFck4KUU5RNzI5REUrYVBpdnJwSVVsdVNQWllvS0ZBenFOZ0hqUldCMERFbkFnTUJBQUdqSXpBaE1BNEdBMVVkRHdFQgovd1FFQXdJQ3BEQVBCZ05WSFJNQkFmOEVCVEFEQVFIL01BMEdDU3FHU0liM0RRRUJDd1VBQTRJQ0FRQkxYR0dxCjFUVXJ1eFc4YUdBak5YWUplMHUvYjZCMEFtUkJTc1V0N3lSZG9DVHU1cytOdjJIdUhLQUc5K3MzNTlYd1BXc1QKMXBYTGdZSHlBdEVFU3JkalIzU2lVUEhBenhVTWpOTW5jTjl0SXphN3VtVFphdkpwTmRNM1laTytrK1ozdU9jZwpKb0tTVSttSmswNExlZis2eFdqMitQTXJNQytBVy91bmkzYWJQZ0FwUnZmMTF3UWRUWHQ4dHpUQUdKeWFJUnpDCmFRRmw3RWNzZFgzTDdVclZobmwxUWk2NEhBVXFnaXVaNWVKeVc5a3BWQ0RsVnFnUkJGUlZlOVFzSFBHZjJuN1AKMGF4ajBsNW9rUm0wSWdrM3RPNXZUMExKUWlkNzR3ekh3NnRYUWtxVzdkazNwRnlXdDVTUGcyR0dwZ3BGdjVacApEemxYYTRNTTJDU2NGZ3ora2p6Vk9kTGVzaU1qMTlQdWJMRFNiK0x4Tk8vQk1nV3YwRUZpdnNlVlRvL0ZQVm1FCjR6T0cydW8xMFJ0MjVIVEFDVW1taDNvR1ppTlRCQkFVd3lKak5ET3BrMklyQlpLZllvRnExVU03YXQrWnpienQKbjRlY2xkcGN6QVU4dkIrRjA2MEVXR2xLNy91LzdtK2YxVUZOYTFvN3VXbU5vbUJzRDFkc2VnandhcjVBSlVjMwpYZnFvdHRCamZ0dHVtQkFLYVBCa1VONkRwL0xKaGp5eXJWMGJWMWx5c2hsQUxHazc3Qzk2c1FpOHpqMW5YNWdVCnhJNm9qNVU2dUdJN21Lc2RyTkJIaWFKcTQ0cVA4L3dvVGVLd212emF2LzJ6VXNQQnFaelJkVXJoeUZURUFKckIKa01wNlJFdWJ1YmUra1h4dldZS2hzZ2VKYXhmR0RwL3QyUVJRNWc9PQotLS0tLUVORCBDRVJUSUZJQ0FURS0tLS0tCg==\n    server: https://mashreq-aksrbg-ac17f51d.hcp.uaenorth.azmk8s.io:443\n  name: mashreq-aksrbg\ncontexts:\n- context:\n    cluster: mashreq-aksrbg\n    user: clusterAdmin_internal.mashreq.azureuaenorth.rbg.digital_nonprod_mashreq-aksrbg\n  name: mashreq-aksrbg\ncurrent-context: mashreq-aksrbg\nkind: Config\npreferences: {}\nusers:\n- name: clusterAdmin_internal.mashreq.azureuaenorth.rbg.digital_nonprod_mashreq-aksrbg\n  user:\n    client-certificate-data: LS0tLS1CRUdJTiBDRVJUSUZJQ0FURS0tLS0tCk1JSUUvVENDQXVXZ0F3SUJBZ0lSQUxmOEEvRGgxZHUrT085Y2kxTnRTdE13RFFZSktvWklodmNOQVFFTEJRQXcKRFRFTE1Ba0dBMVVFQXhNQ1kyRXdIaGNOTVRreE1qRTRNVE15TmpNMldoY05NakV4TWpFM01UTXpOak0yV2pBdwpNUmN3RlFZRFZRUUtFdzV6ZVhOMFpXMDZiV0Z6ZEdWeWN6RVZNQk1HQTFVRUF4TU1iV0Z6ZEdWeVkyeHBaVzUwCk1JSUNJakFOQmdrcWhraUc5dzBCQVFFRkFBT0NBZzhBTUlJQ0NnS0NBZ0VBb2duc1F6ZTZ1R3VQWGJBRXNEelgKczMvNG5OS042SXpac3JsazhvMVV1YUNoZEFOZHo0dGxRWjc2eGtrWTBwemZZVUVnRmMrbmh5NzZ2a1FybWFNRApZL0ZMSUZpcFBRdGJJVWhuMlM2NGZxQ2QrbHpRaXNJTVhyNkc3cWVmNnNicVQ3amI5YkhHKzRJRmswSkgvUVQ5ClM5YUF0VDB6Qjdad1dsOXBUaXdOZTNSTlFtRFJ2ZGlWL2pCQTYxRVlTc2VyMXBBeFJYaGorbHlSU1YwdVlBMnkKNnRWVWdxZURaaEdrMjlJSTdpQzZWSzVoZWE0eWxWdWovZmNscVB3WUFlS00wYzI0bnA1U1dMY0s3OWJIMEZleQpzRXlITGtCTFlEeUJhSUNsRStHZ3VMWlEwR050UHBVeVR6S28xN2xjZFBDQXRTdU5TeCtKVUJxQWs3ZTZpZFRnCjNQQlBYejN3aSt4NjlQYmZJRzhJWUFZY09MaERoN0NWdW10aG5HS01vZkpkdXltZVAydi9PSkJJellhU25temEKeklEUmRjYzhkcTRQWFVJVEJuS0VLTnM0NzZFS2ppQmJvVllwWmR1aDRtZTIwUEhrRGxDeFFKdzFHZTI1WnR3YQpPdy9ZNU1HN3oxQmNkZHhCankvVWM5TDNqZjNhZmxqaVRFeDMyYSsyaUxwKzlUUUpWV1hlbnRqeXZ6Ly85QVhpCmt3QzNYMk9BRWp2aThvK3c1ZVp4RWU4WTQxeEFhSWdueHBvRGxMdW43dVRuTldnZzBoeFFISmt4UXIwVWZudHMKOU8zNlZZZlE3R015UVR0V1NqZFdWQkRYRGNlclI3ZmF2cXBmTll3YmZYVlhwMk5MSDY3aGFBcGN2QTZhYjI5UQpCUWpQdk5xSDgyRDI3RUtabEpURmQ4VUNBd0VBQWFNMU1ETXdEZ1lEVlIwUEFRSC9CQVFEQWdXZ01CTUdBMVVkCkpRUU1NQW9HQ0NzR0FRVUZCd01DTUF3R0ExVWRFd0VCL3dRQ01BQXdEUVlKS29aSWh2Y05BUUVMQlFBRGdnSUIKQUJzZDB3bHJmOG9ETlE2b3dIZzVqSWN6RmNPdzZUdzBOeUhDaVRVZlBQN0VxZC9wd01nUkcwcFBIK05jMCtNQQp0MThBcnVPZmVVZWJMSkhGcHFIbHBQRXRncm9MT3A1QjhzeFNhM3R5RlVKS3BnZXNpNGVFNmEyWlhKQ0hMVThVCng1aVYzZHdIWUtVbFMrNXZZN0tsL3NDZklXSFNHSHU0NTRNRUdoV3JzVzBZcFM5MU1uNXlsUjdDeWNyaFR2WkwKdERtbXNHcUlkT000UmNjT3pWaXZqdlJDV1liQjZZVitKU0dOTVVJbmR5NG14c290T0JXdTl4VStJd0l4L1NlVwp2UGNZNzZOZFhucHJMSnZ5c1dvYkVVMnNneXlHTk83clVNeXRxSnVxTWI1cTU3TmUvU0lOVG9NTFhIcGNqMUl6ClJRUXdsdDhhaEQ3Y2U2SktlajNQTG9CVU5JT1pncHVyb055Rm5iQUNaeHU0ZXdHaFU4dDF1Q05wd2RHZmd1UmYKY3JzZjdGZ0ErbjJHM0gveSswaTZibjk0MUtmWjhkWXdBWi9IMmZSSktYWU15SHR0VVhlOFZzR29iY2pqYlFTUQpzaU9JWGtOYjBYY1FEelVGWU5GenZhOHpWWUVpdkZnMVVoVnQ2UXlJQ0txV3ZhRk91d09QUG04WksvT05Da25RCnpsVGVFbkttc2w5U2gzMzFSVkxYaEhscW0vRmJCQW1mZXh6Z2YxTGV6cWpxOUFCOTdWcGlZZS9EaW5IZEtXODIKQjNYeVpQZnVpS2pGYlY2TFA3RFpWbHprTDE2WitaWG8vYUtYUkpuQ2pYRHF0d3Q5NlUrUFVoU1NKclpvMHFNcwo1UmFHRitKSlREY0pIVHk5a1RhdDFKQ0NaSE10WCtMVDkrUXA0aXFUL2tTQQotLS0tLUVORCBDRVJUSUZJQ0FURS0tLS0tCg==\n    client-key-data: LS0tLS1CRUdJTiBSU0EgUFJJVkFURSBLRVktLS0tLQpNSUlKS2dJQkFBS0NBZ0VBb2duc1F6ZTZ1R3VQWGJBRXNEelhzMy80bk5LTjZJelpzcmxrOG8xVXVhQ2hkQU5kCno0dGxRWjc2eGtrWTBwemZZVUVnRmMrbmh5NzZ2a1FybWFNRFkvRkxJRmlwUFF0YklVaG4yUzY0ZnFDZCtselEKaXNJTVhyNkc3cWVmNnNicVQ3amI5YkhHKzRJRmswSkgvUVQ5UzlhQXRUMHpCN1p3V2w5cFRpd05lM1JOUW1EUgp2ZGlWL2pCQTYxRVlTc2VyMXBBeFJYaGorbHlSU1YwdVlBMnk2dFZVZ3FlRFpoR2syOUlJN2lDNlZLNWhlYTR5CmxWdWovZmNscVB3WUFlS00wYzI0bnA1U1dMY0s3OWJIMEZleXNFeUhMa0JMWUR5QmFJQ2xFK0dndUxaUTBHTnQKUHBVeVR6S28xN2xjZFBDQXRTdU5TeCtKVUJxQWs3ZTZpZFRnM1BCUFh6M3dpK3g2OVBiZklHOElZQVljT0xoRApoN0NWdW10aG5HS01vZkpkdXltZVAydi9PSkJJellhU25temF6SURSZGNjOGRxNFBYVUlUQm5LRUtOczQ3NkVLCmppQmJvVllwWmR1aDRtZTIwUEhrRGxDeFFKdzFHZTI1WnR3YU93L1k1TUc3ejFCY2RkeEJqeS9VYzlMM2pmM2EKZmxqaVRFeDMyYSsyaUxwKzlUUUpWV1hlbnRqeXZ6Ly85QVhpa3dDM1gyT0FFanZpOG8rdzVlWnhFZThZNDF4QQphSWdueHBvRGxMdW43dVRuTldnZzBoeFFISmt4UXIwVWZudHM5TzM2VllmUTdHTXlRVHRXU2pkV1ZCRFhEY2VyClI3ZmF2cXBmTll3YmZYVlhwMk5MSDY3aGFBcGN2QTZhYjI5UUJRalB2TnFIODJEMjdFS1psSlRGZDhVQ0F3RUEKQVFLQ0FnRUFtbXFHWWxBYmVsL1dFZHdKdThGZmRVbUFyRUhpeGpoanhYUHpoVW0xOGVmbnRGejQ2eTNWNHNFVQpEaDNlcithYTRWMWtyQ1JsYStnVFAzcExhbS8wYlN1bkFqNDdtVmJYRTFLaTFFODN0a1J1Q0FhbkhYUnF3V2NqCnd3NnUwTmVhdHpwZE16aWxmVXljNzRaOGY5eGZYZ1FlUjVqNHBtTHZrcy9WMUk4YWtnbDFEc3FoVmgrdVlMdXYKUWhEWDYzdDRnRktOQWIwRzJiR1pLcWJINlBWbENYRWV4aHZJbGw0K0V0V0hlUlpyT3dPckZJQXk2QzZhaXcwWgpNSDU4aWw5US95Yml4eFh0TjJuSDNHTjdxMG5IbVVaMGxGamsrK0x0RjU5d3NRK1ZVREU5dGpqcUJIZTlwOGVKCkszc1Rac1ZDZ21Qc2xDaUxmSENsRXlCRmZkQUdNRUdMNXJLZVlyYkdMOVUwNlBXQ2U5ZTFhZldGWDJjQ1o4a0wKQUxXUEdWcUZlN0YzS2tLMFF0T3ZvZFlqd1dJYU1jWnVBRmVNNkxiNC9BMGF6VjRRaXVOV0dESUJXSUtFZlAwMgo1cW9lN0dnVjFnZHRQYTZaU2lXcEMrS1l3cDVCSzdTMFdVRjNUSlduY21mYWVkS2UzSUg5cVpqOExlWUdoVWNiCjhpem1ZSEFVWDEvWXlUL012VWMwSERyMkpqRGd5VnZkMi9ETUV5TlFqRWlpOGU3bWxDQzVLcFM3cndzTnNMY2kKTUxUc3FNZFpaQnB6RmQ2SnZiT3JhTk9nbzBIOXhPanhOMVNkblBsNU5mUVhiQ1ZCdWtYbXNjVVFMdHVLVHQwUwpjb2FiMW15ZHhDaXczemFtYk8yR3pzY2ZlTjBjRmwySDVHMXA5SVhORlFpcDhlTFo1b0VDZ2dFQkFOWTEvWVovCnNXWFg2ZHF4OWxERThzdXJ2MHFQWWkrTzd5WGpPbmJXcTZYcHhoOHNoekozblI2VTZsVUNvNTlxK21aOUlqeTEKZmRlS2IvVUhhYjJEZnA3VmVLdlBqOGdZMmtlYnc4VjZlT055UUgvbWZFVmNYNHB2OTNUaVFnZ1g0Vk90N0swMgo5MjV0TzBJMVVxZG1Dc3hNdTgrazNkYlZhUUdkYk1KZmViNDR1T3QxelRubTN2UFN3VmJ3dkJlUnNCTk81YTlsCmV1U3B6bFR0TXJ5a0VYRHJRSW5yTTFOZzJabUxTMzdSbjM3dDROMU1Ob3JUVHAxY1M1OTZFU1JtbWhteVlWSkcKaEw0TmhTeEZPbVhQbWlvQUhTTXZxeE1PbmhUVVNLT0huYlByekppT2Y1b1lPOTFyQ2pBWkNpbHZGRGkzMXJWZApRbGpBdk5rdngvVDJwbFVDZ2dFQkFNR21ZUEdlS3JqNEdITmtheWpoMHROaWlmNHdSdi9tYk1oK3VsTjNSSnVaCi9zU2FCYlJ5NnROd0VTMWtLOTVKRmVQTUIrWlMzVDV1T08rRzRsQWdUQnRINVloWWxobGd1aDBGOHE5M2tnVGUKa0ZkN0p0Q01OR1B0QlJ1dStnbll0bjhOSU4yNnE5OGhjUTVUT1h5cUVBNjNqL3luUFdyam9VaUpUeE1aRTI5agpTSW5seHo2NWxGam9ocmtWUDF6QmdIbDVoekhlcmlJOW1ENUd3RlI0TGt4VU05SVYrQmhSbElBczFRQllzV0dXCldYUWQrSGhRSGJ5U1FZQVdvY09Ib0RzWnJNZkY5eHN4eFpaNy9ONjV3c2dlRzhYNjc1V2FCTzB3MEhUOStBRGoKdzUwOTREdVdycjd2aitON0Nzd05UNEtKOVZyNklvUzVtcjNROC9Kcm03RUNnZ0VCQUtYWHlQKy9qdVdOWTFWWQo0SjJwelZ3WURSSzVyY2VxUHNhemhNa0s3SHVZWVRZemNEeUhWTktmY2tqOHNSYzBhTWErYktwWnpTTDU0REh4CldsRktJOWJ1Nk8wRDFvcVJpelZUaUI4MDhiRU4vSmZKSno5QUJBd1hJWnVSckpPOWdVc2E1Wms1YkJsSFlsQ2gKSGV2U1dkdlFNTHZUSlprMVFvWG9qcEp4L3J4aUIvRHNGRWFXMHRnc3ZGa0dLbW1JOXF3TU1sRTRIUXc1MXkvegpNSXZSN2xyaEYrZHZmQjQ2WmwyMDlXOHE5ZlA4VVZLanRicUhYRjhDWE40TVVJZEJGRjkrdGxCUG5tZlI2ZC9iCmZSbmp2N1J5d0J4RXhJc05qeUFMTm0yOUNrQ0k5NjdJN0V1dUpYTUljeXZIeHhGTEdYbk1BdVFKWHR0OTVQZTEKUVhjTEdyMENnZ0VBY3VJaDRUWFVZcWZNMmFoWmFvZU9hNW1xQkFMZ0hEQzNtTHFXRDY1U0pYM1dod3haRmhTVworNWtnbDYwMTJVbkNrc0lZYmF2N1ZXNU9tTXVNdDd4eGFqM2REbVovcGM2Y20xdEwvbzBSTTVKV1Q0L2dGeGtXCmU3SEJ0Z3E0aTk3bFpicUVKUWI1c0FaRzdCaXpvaUhDSlBrQmt3SWtqYVU5cWFyTUhxaGh2MU5IVllmY0RIcE0KWi9LSytvS0FkS2JYY1RtSDJ5NGdZRy9xUWdmM1VpVjZVZzRpTUNDWWJ0VDNKSk4wU2lCVUczRDI0TXhtKy9tTApxck9aNkVPRTlGc2gwKzRIY3YwZS9DTXE5WHZaS01sTHBTMDNqTnl5Qmk2NWZYM1lMWS85OFlrdUk3cnhyR2hZCmd5M2NUemhQejM2V0RQdUxjODJ4Yk13djRTeDFqUHdLQVFLQ0FRRUF0bE1sTlVjQ29jWUZSN3p2NHYvS1gxK2IKZE5QTUZhSWhUbDNWQ3hqdmpvdklXbUNuZWxEYmR3Y0VibExkZVFVd0c2Vm5FSVhHRDQ1NlVpMlFXbmZKb1VVOAo0K0RyVXFKNEoyam9aU3lER0hqeTdvY3RBVWZDVWIxSUJPdGt4SVJSU092bDBZUzRvRnhKcmRlSy82a2Njc2pYCkZNVnFDazR1S1RUQUk4WTJtS0FHdVVneVp6TnRCbitiaXJVREZma3EwcVdhMUhtZHhEUWZUQkZLT3hhVGxGdU0KYlhLSnhnZzhmNzE3VGYxY21BUFcxakU3U0pRS0VPRDNyUzdwbi82b0dlOEp0VER1TGN1TGNQN3J6K3B5aHJvRgp1eUplWUF3WlhHYUNFZFJXM1pKYit6aTFNTEhybjN6eHlocHh6cWhiMXJVUEN6dlJiTEsxdElBVTJUeThDZz09Ci0tLS0tRU5EIFJTQSBQUklWQVRFIEtFWS0tLS0tCg==\n    token: 543070d12629de081520cea083e81fcac21c2e44fceea2304e4b505f87520407959d05b670e0de9412780dac107ab6d4a67c5790bb4a30160a5f8f3fa8e2762c\n",
            "kube_config": [
              {
                "client_certificate": "",
                "client_key": "",
                "cluster_ca_certificate": "LS0tLS1CRUdJTiBDRVJUSUZJQ0FURS0tLS0tCk1JSUV5RENDQXJDZ0F3SUJBZ0lSQVBYdjY0eExkOVJGR3VDdDhCLzNQQnd3RFFZSktvWklodmNOQVFFTEJRQXcKRFRFTE1Ba0dBMVVFQXhNQ1kyRXdIaGNOTVRreE1qRTRNVE15TmpNMldoY05ORGt4TWpFd01UTXpOak0yV2pBTgpNUXN3Q1FZRFZRUURFd0pqWVRDQ0FpSXdEUVlKS29aSWh2Y05BUUVCQlFBRGdnSVBBRENDQWdvQ2dnSUJBTmRUCmR6NXp6SVV0Ymh2VkpHWUVEbGhTbEwxU2NBc0lEeDFCVFBCekU2cEd6NzNMcGgya0RrSU5kQytMeHg2OENUSkYKaTQ1QjErWjYwRUsxNWhDcUFyZ1E1WFYwbEZnUThmdzhkVmlnN1p5L0xhekZCNXJrTFhpcnlkN2RqQndoKzBqawpwcTBwbHZjWWF5M1dpNHE3UmNwdHJ2RlNzK1ZZOUovQW1LbE9BcnZHbUhVVi9YK2xKSHE5OXVqaFppZG9zemQ4CkVXTzV4NWVPQllnUmgwS0pOcnZHalZTQ1gyOFdWditJNmRrbVU0R3hUWVdMWDN4QThEcUlvd1kvaUdBQWsvSGkKNGprOVRNZ2VTYWNWdCtiMWxMRzRuWndYMmJ5SFo2c2NSdzM0cXdJVmNrZ2RtMzQzY1Z5RGFiQiszVWRlajhGegphamEzUnJLNlhBYkdsbHVmVVE1bjkyOFNEY2JQcUh3KzEyUlAwM3ZaMGJLWVM0VFRrN1BibmlFUjRDbFhidlRaCkNrNWVtMnJFaHNuRVUvVlBTamRpTVNGQ3NJUTFPMVlFbHNqODFqZFpacExIY21vNVVkMTNOWkt2VGhydERnb3cKY1lxOStXR3A5UiswMDFOQS82UDRmL2d4dUhuVmJZdU9kZmQ4VDhqRHBmZi9SVHR6RVZYeGphc0lVTVVZUWg2RQpVWnIvVGJRNngxR1NZVXcramxKU1BNOFlnRE1Ea3IydGpjQVlUQzYwdTdqNk5zRU1XQXUxVFFhcVdwRzZ2VCsrCkJLUUFQTUhLaENvbXV2MXBkdVFBdFkzbkRuZW4xdXllUlNwYVkyNy9leERyditIOXp0ZUlZenJ3V3VBVFNFck4KUU5RNzI5REUrYVBpdnJwSVVsdVNQWllvS0ZBenFOZ0hqUldCMERFbkFnTUJBQUdqSXpBaE1BNEdBMVVkRHdFQgovd1FFQXdJQ3BEQVBCZ05WSFJNQkFmOEVCVEFEQVFIL01BMEdDU3FHU0liM0RRRUJDd1VBQTRJQ0FRQkxYR0dxCjFUVXJ1eFc4YUdBak5YWUplMHUvYjZCMEFtUkJTc1V0N3lSZG9DVHU1cytOdjJIdUhLQUc5K3MzNTlYd1BXc1QKMXBYTGdZSHlBdEVFU3JkalIzU2lVUEhBenhVTWpOTW5jTjl0SXphN3VtVFphdkpwTmRNM1laTytrK1ozdU9jZwpKb0tTVSttSmswNExlZis2eFdqMitQTXJNQytBVy91bmkzYWJQZ0FwUnZmMTF3UWRUWHQ4dHpUQUdKeWFJUnpDCmFRRmw3RWNzZFgzTDdVclZobmwxUWk2NEhBVXFnaXVaNWVKeVc5a3BWQ0RsVnFnUkJGUlZlOVFzSFBHZjJuN1AKMGF4ajBsNW9rUm0wSWdrM3RPNXZUMExKUWlkNzR3ekh3NnRYUWtxVzdkazNwRnlXdDVTUGcyR0dwZ3BGdjVacApEemxYYTRNTTJDU2NGZ3ora2p6Vk9kTGVzaU1qMTlQdWJMRFNiK0x4Tk8vQk1nV3YwRUZpdnNlVlRvL0ZQVm1FCjR6T0cydW8xMFJ0MjVIVEFDVW1taDNvR1ppTlRCQkFVd3lKak5ET3BrMklyQlpLZllvRnExVU03YXQrWnpienQKbjRlY2xkcGN6QVU4dkIrRjA2MEVXR2xLNy91LzdtK2YxVUZOYTFvN3VXbU5vbUJzRDFkc2VnandhcjVBSlVjMwpYZnFvdHRCamZ0dHVtQkFLYVBCa1VONkRwL0xKaGp5eXJWMGJWMWx5c2hsQUxHazc3Qzk2c1FpOHpqMW5YNWdVCnhJNm9qNVU2dUdJN21Lc2RyTkJIaWFKcTQ0cVA4L3dvVGVLd212emF2LzJ6VXNQQnFaelJkVXJoeUZURUFKckIKa01wNlJFdWJ1YmUra1h4dldZS2hzZ2VKYXhmR0RwL3QyUVJRNWc9PQotLS0tLUVORCBDRVJUSUZJQ0FURS0tLS0tCg==",
                "host": "https://mashreq-aksrbg-ac17f51d.hcp.uaenorth.azmk8s.io:443",
                "password": "",
                "username": "clusterUser_internal.mashreq.azureuaenorth.rbg.digital_nonprod_mashreq-aksrbg"
              }
            ],
            "kube_config_raw": "apiVersion: v1\nclusters:\n- cluster:\n    certificate-authority-data: LS0tLS1CRUdJTiBDRVJUSUZJQ0FURS0tLS0tCk1JSUV5RENDQXJDZ0F3SUJBZ0lSQVBYdjY0eExkOVJGR3VDdDhCLzNQQnd3RFFZSktvWklodmNOQVFFTEJRQXcKRFRFTE1Ba0dBMVVFQXhNQ1kyRXdIaGNOTVRreE1qRTRNVE15TmpNMldoY05ORGt4TWpFd01UTXpOak0yV2pBTgpNUXN3Q1FZRFZRUURFd0pqWVRDQ0FpSXdEUVlKS29aSWh2Y05BUUVCQlFBRGdnSVBBRENDQWdvQ2dnSUJBTmRUCmR6NXp6SVV0Ymh2VkpHWUVEbGhTbEwxU2NBc0lEeDFCVFBCekU2cEd6NzNMcGgya0RrSU5kQytMeHg2OENUSkYKaTQ1QjErWjYwRUsxNWhDcUFyZ1E1WFYwbEZnUThmdzhkVmlnN1p5L0xhekZCNXJrTFhpcnlkN2RqQndoKzBqawpwcTBwbHZjWWF5M1dpNHE3UmNwdHJ2RlNzK1ZZOUovQW1LbE9BcnZHbUhVVi9YK2xKSHE5OXVqaFppZG9zemQ4CkVXTzV4NWVPQllnUmgwS0pOcnZHalZTQ1gyOFdWditJNmRrbVU0R3hUWVdMWDN4QThEcUlvd1kvaUdBQWsvSGkKNGprOVRNZ2VTYWNWdCtiMWxMRzRuWndYMmJ5SFo2c2NSdzM0cXdJVmNrZ2RtMzQzY1Z5RGFiQiszVWRlajhGegphamEzUnJLNlhBYkdsbHVmVVE1bjkyOFNEY2JQcUh3KzEyUlAwM3ZaMGJLWVM0VFRrN1BibmlFUjRDbFhidlRaCkNrNWVtMnJFaHNuRVUvVlBTamRpTVNGQ3NJUTFPMVlFbHNqODFqZFpacExIY21vNVVkMTNOWkt2VGhydERnb3cKY1lxOStXR3A5UiswMDFOQS82UDRmL2d4dUhuVmJZdU9kZmQ4VDhqRHBmZi9SVHR6RVZYeGphc0lVTVVZUWg2RQpVWnIvVGJRNngxR1NZVXcramxKU1BNOFlnRE1Ea3IydGpjQVlUQzYwdTdqNk5zRU1XQXUxVFFhcVdwRzZ2VCsrCkJLUUFQTUhLaENvbXV2MXBkdVFBdFkzbkRuZW4xdXllUlNwYVkyNy9leERyditIOXp0ZUlZenJ3V3VBVFNFck4KUU5RNzI5REUrYVBpdnJwSVVsdVNQWllvS0ZBenFOZ0hqUldCMERFbkFnTUJBQUdqSXpBaE1BNEdBMVVkRHdFQgovd1FFQXdJQ3BEQVBCZ05WSFJNQkFmOEVCVEFEQVFIL01BMEdDU3FHU0liM0RRRUJDd1VBQTRJQ0FRQkxYR0dxCjFUVXJ1eFc4YUdBak5YWUplMHUvYjZCMEFtUkJTc1V0N3lSZG9DVHU1cytOdjJIdUhLQUc5K3MzNTlYd1BXc1QKMXBYTGdZSHlBdEVFU3JkalIzU2lVUEhBenhVTWpOTW5jTjl0SXphN3VtVFphdkpwTmRNM1laTytrK1ozdU9jZwpKb0tTVSttSmswNExlZis2eFdqMitQTXJNQytBVy91bmkzYWJQZ0FwUnZmMTF3UWRUWHQ4dHpUQUdKeWFJUnpDCmFRRmw3RWNzZFgzTDdVclZobmwxUWk2NEhBVXFnaXVaNWVKeVc5a3BWQ0RsVnFnUkJGUlZlOVFzSFBHZjJuN1AKMGF4ajBsNW9rUm0wSWdrM3RPNXZUMExKUWlkNzR3ekh3NnRYUWtxVzdkazNwRnlXdDVTUGcyR0dwZ3BGdjVacApEemxYYTRNTTJDU2NGZ3ora2p6Vk9kTGVzaU1qMTlQdWJMRFNiK0x4Tk8vQk1nV3YwRUZpdnNlVlRvL0ZQVm1FCjR6T0cydW8xMFJ0MjVIVEFDVW1taDNvR1ppTlRCQkFVd3lKak5ET3BrMklyQlpLZllvRnExVU03YXQrWnpienQKbjRlY2xkcGN6QVU4dkIrRjA2MEVXR2xLNy91LzdtK2YxVUZOYTFvN3VXbU5vbUJzRDFkc2VnandhcjVBSlVjMwpYZnFvdHRCamZ0dHVtQkFLYVBCa1VONkRwL0xKaGp5eXJWMGJWMWx5c2hsQUxHazc3Qzk2c1FpOHpqMW5YNWdVCnhJNm9qNVU2dUdJN21Lc2RyTkJIaWFKcTQ0cVA4L3dvVGVLd212emF2LzJ6VXNQQnFaelJkVXJoeUZURUFKckIKa01wNlJFdWJ1YmUra1h4dldZS2hzZ2VKYXhmR0RwL3QyUVJRNWc9PQotLS0tLUVORCBDRVJUSUZJQ0FURS0tLS0tCg==\n    server: https://mashreq-aksrbg-ac17f51d.hcp.uaenorth.azmk8s.io:443\n  name: mashreq-aksrbg\ncontexts:\n- context:\n    cluster: mashreq-aksrbg\n    user: clusterUser_internal.mashreq.azureuaenorth.rbg.digital_nonprod_mashreq-aksrbg\n  name: mashreq-aksrbg\ncurrent-context: mashreq-aksrbg\nkind: Config\npreferences: {}\nusers:\n- name: clusterUser_internal.mashreq.azureuaenorth.rbg.digital_nonprod_mashreq-aksrbg\n  user:\n    auth-provider:\n      config:\n        apiserver-id: 9c406948-9816-45f9-ada3-1f9fe50b4118\n        client-id: f7025403-fd46-4225-b8ea-6cf2b70716c9\n        environment: AzurePublicCloud\n        tenant-id: fa2187fa-8830-4fa2-8a74-fb8c523dd6c1\n      name: azure\n",
            "kubernetes_version": "1.14.8",
            "linux_profile": [],
            "location": "uaenorth",
            "name": "mashreq-aksrbg",
            "network_profile": [
              {
                "dns_service_ip": "10.208.16.250",
                "docker_bridge_cidr": "172.17.0.1/16",
                "load_balancer_sku": "Basic",
                "network_plugin": "azure",
                "network_policy": "",
                "pod_cidr": "",
                "service_cidr": "10.208.16.0/23"
              }
            ],
            "node_resource_group": "MC_internal.mashreq.azureuaenorth.rbg.digital_nonprod_mashreq-aksrbg_uaenorth",
            "resource_group_name": "internal.mashreq.azureuaenorth.rbg.digital_nonprod",
            "role_based_access_control": [
              {
                "azure_active_directory": [
                  {
                    "client_app_id": "f7025403-fd46-4225-b8ea-6cf2b70716c9",
                    "server_app_id": "9c406948-9816-45f9-ada3-1f9fe50b4118",
                    "server_app_secret": "9V9x@qb9MIOSy@e@CI=WqkiX9BfkHzoI",
                    "tenant_id": "fa2187fa-8830-4fa2-8a74-fb8c523dd6c1"
                  }
                ],
                "enabled": true
              }
            ],
            "service_principal": [
              {
                "client_id": "9c406948-9816-45f9-ada3-1f9fe50b4118",
                "client_secret": "9V9x@qb9MIOSy@e@CI=WqkiX9BfkHzoI"
              }
            ],
            "tags": {
              "cost_center_code": "",
              "created_month_and_year": "DEC-2019",
              "environment": "Dev",
              "pricing_model": "PAYG",
              "project_name": "RBG",
              "project_owner": "Binoy Puthenpurayil",
              "subscription": "mashreq-uae-non-prod-rbg"
            },
            "windows_profile": []
          },
          "private": "bnVsbA=="
        }
      ]
    },
    {
      "module": "module.rg",
      "mode": "managed",
      "type": "azurerm_resource_group",
      "name": "resource_group",
      "provider": "provider.azurerm",
      "instances": [
        {
          "schema_version": 0,
          "attributes": {
            "id": "/subscriptions/9027b155-705c-4df1-9fe1-4793621a89e9/resourceGroups/internal.mashreq.azureuaenorth.rbg.digital_nonprod",
            "location": "uaenorth",
            "name": "internal.mashreq.azureuaenorth.rbg.digital_nonprod",
            "tags": {
              "cost_center_code": "",
              "created_month_and_year": "DEC-2019",
              "environment": "Dev",
              "pricing_model": "PAYG",
              "project_name": "RBG",
              "project_owner": "Binoy Puthenpurayil",
              "subscription": "mashreq-uae-non-prod-rbg"
            }
          },
          "private": "bnVsbA=="
        }
      ]
    },
    {
      "module": "module.subnet",
      "mode": "managed",
      "type": "azurerm_subnet",
      "name": "subnet",
      "provider": "provider.azurerm",
      "instances": [
        {
          "schema_version": 0,
          "attributes": {
            "address_prefix": "10.208.0.0/20",
            "delegation": [],
            "enforce_private_link_service_network_policies": false,
            "id": "/subscriptions/9027b155-705c-4df1-9fe1-4793621a89e9/resourceGroups/internal.mashreq.azureuaenorth.rbg.digital_nonprod/providers/Microsoft.Network/virtualNetworks/internal.mashreq.azureuaenorth.rbg.digital_nonprod/subnets/internal.mashreq.azureuaenorth.rbg.digital_nonprod.aks",
            "ip_configurations": [
              "/subscriptions/9027b155-705c-4df1-9fe1-4793621a89e9/resourceGroups/MC_internal.mashreq.azureuaenorth.rbg.digital_nonprod_mashreq-aksrbg_uaenorth/providers/Microsoft.Network/networkInterfaces/aks-aksclusrbg-25364551-nic-0/ipConfigurations/ipconfig1",
              "/subscriptions/9027b155-705c-4df1-9fe1-4793621a89e9/resourceGroups/MC_internal.mashreq.azureuaenorth.rbg.digital_nonprod_mashreq-aksrbg_uaenorth/providers/Microsoft.Network/networkInterfaces/aks-aksclusrbg-25364551-nic-0/ipConfigurations/ipconfig10",
              "/subscriptions/9027b155-705c-4df1-9fe1-4793621a89e9/resourceGroups/MC_internal.mashreq.azureuaenorth.rbg.digital_nonprod_mashreq-aksrbg_uaenorth/providers/Microsoft.Network/networkInterfaces/aks-aksclusrbg-25364551-nic-0/ipConfigurations/ipconfig100",
              "/subscriptions/9027b155-705c-4df1-9fe1-4793621a89e9/resourceGroups/MC_internal.mashreq.azureuaenorth.rbg.digital_nonprod_mashreq-aksrbg_uaenorth/providers/Microsoft.Network/networkInterfaces/aks-aksclusrbg-25364551-nic-0/ipConfigurations/ipconfig101",
              "/subscriptions/9027b155-705c-4df1-9fe1-4793621a89e9/resourceGroups/MC_internal.mashreq.azureuaenorth.rbg.digital_nonprod_mashreq-aksrbg_uaenorth/providers/Microsoft.Network/networkInterfaces/aks-aksclusrbg-25364551-nic-0/ipConfigurations/ipconfig11",
              "/subscriptions/9027b155-705c-4df1-9fe1-4793621a89e9/resourceGroups/MC_internal.mashreq.azureuaenorth.rbg.digital_nonprod_mashreq-aksrbg_uaenorth/providers/Microsoft.Network/networkInterfaces/aks-aksclusrbg-25364551-nic-0/ipConfigurations/ipconfig12",
              "/subscriptions/9027b155-705c-4df1-9fe1-4793621a89e9/resourceGroups/MC_internal.mashreq.azureuaenorth.rbg.digital_nonprod_mashreq-aksrbg_uaenorth/providers/Microsoft.Network/networkInterfaces/aks-aksclusrbg-25364551-nic-0/ipConfigurations/ipconfig13",
              "/subscriptions/9027b155-705c-4df1-9fe1-4793621a89e9/resourceGroups/MC_internal.mashreq.azureuaenorth.rbg.digital_nonprod_mashreq-aksrbg_uaenorth/providers/Microsoft.Network/networkInterfaces/aks-aksclusrbg-25364551-nic-0/ipConfigurations/ipconfig14",
              "/subscriptions/9027b155-705c-4df1-9fe1-4793621a89e9/resourceGroups/MC_internal.mashreq.azureuaenorth.rbg.digital_nonprod_mashreq-aksrbg_uaenorth/providers/Microsoft.Network/networkInterfaces/aks-aksclusrbg-25364551-nic-0/ipConfigurations/ipconfig15",
              "/subscriptions/9027b155-705c-4df1-9fe1-4793621a89e9/resourceGroups/MC_internal.mashreq.azureuaenorth.rbg.digital_nonprod_mashreq-aksrbg_uaenorth/providers/Microsoft.Network/networkInterfaces/aks-aksclusrbg-25364551-nic-0/ipConfigurations/ipconfig16",
              "/subscriptions/9027b155-705c-4df1-9fe1-4793621a89e9/resourceGroups/MC_internal.mashreq.azureuaenorth.rbg.digital_nonprod_mashreq-aksrbg_uaenorth/providers/Microsoft.Network/networkInterfaces/aks-aksclusrbg-25364551-nic-0/ipConfigurations/ipconfig17",
              "/subscriptions/9027b155-705c-4df1-9fe1-4793621a89e9/resourceGroups/MC_internal.mashreq.azureuaenorth.rbg.digital_nonprod_mashreq-aksrbg_uaenorth/providers/Microsoft.Network/networkInterfaces/aks-aksclusrbg-25364551-nic-0/ipConfigurations/ipconfig18",
              "/subscriptions/9027b155-705c-4df1-9fe1-4793621a89e9/resourceGroups/MC_internal.mashreq.azureuaenorth.rbg.digital_nonprod_mashreq-aksrbg_uaenorth/providers/Microsoft.Network/networkInterfaces/aks-aksclusrbg-25364551-nic-0/ipConfigurations/ipconfig19",
              "/subscriptions/9027b155-705c-4df1-9fe1-4793621a89e9/resourceGroups/MC_internal.mashreq.azureuaenorth.rbg.digital_nonprod_mashreq-aksrbg_uaenorth/providers/Microsoft.Network/networkInterfaces/aks-aksclusrbg-25364551-nic-0/ipConfigurations/ipconfig2",
              "/subscriptions/9027b155-705c-4df1-9fe1-4793621a89e9/resourceGroups/MC_internal.mashreq.azureuaenorth.rbg.digital_nonprod_mashreq-aksrbg_uaenorth/providers/Microsoft.Network/networkInterfaces/aks-aksclusrbg-25364551-nic-0/ipConfigurations/ipconfig20",
              "/subscriptions/9027b155-705c-4df1-9fe1-4793621a89e9/resourceGroups/MC_internal.mashreq.azureuaenorth.rbg.digital_nonprod_mashreq-aksrbg_uaenorth/providers/Microsoft.Network/networkInterfaces/aks-aksclusrbg-25364551-nic-0/ipConfigurations/ipconfig21",
              "/subscriptions/9027b155-705c-4df1-9fe1-4793621a89e9/resourceGroups/MC_internal.mashreq.azureuaenorth.rbg.digital_nonprod_mashreq-aksrbg_uaenorth/providers/Microsoft.Network/networkInterfaces/aks-aksclusrbg-25364551-nic-0/ipConfigurations/ipconfig22",
              "/subscriptions/9027b155-705c-4df1-9fe1-4793621a89e9/resourceGroups/MC_internal.mashreq.azureuaenorth.rbg.digital_nonprod_mashreq-aksrbg_uaenorth/providers/Microsoft.Network/networkInterfaces/aks-aksclusrbg-25364551-nic-0/ipConfigurations/ipconfig23",
              "/subscriptions/9027b155-705c-4df1-9fe1-4793621a89e9/resourceGroups/MC_internal.mashreq.azureuaenorth.rbg.digital_nonprod_mashreq-aksrbg_uaenorth/providers/Microsoft.Network/networkInterfaces/aks-aksclusrbg-25364551-nic-0/ipConfigurations/ipconfig24",
              "/subscriptions/9027b155-705c-4df1-9fe1-4793621a89e9/resourceGroups/MC_internal.mashreq.azureuaenorth.rbg.digital_nonprod_mashreq-aksrbg_uaenorth/providers/Microsoft.Network/networkInterfaces/aks-aksclusrbg-25364551-nic-0/ipConfigurations/ipconfig25",
              "/subscriptions/9027b155-705c-4df1-9fe1-4793621a89e9/resourceGroups/MC_internal.mashreq.azureuaenorth.rbg.digital_nonprod_mashreq-aksrbg_uaenorth/providers/Microsoft.Network/networkInterfaces/aks-aksclusrbg-25364551-nic-0/ipConfigurations/ipconfig26",
              "/subscriptions/9027b155-705c-4df1-9fe1-4793621a89e9/resourceGroups/MC_internal.mashreq.azureuaenorth.rbg.digital_nonprod_mashreq-aksrbg_uaenorth/providers/Microsoft.Network/networkInterfaces/aks-aksclusrbg-25364551-nic-0/ipConfigurations/ipconfig27",
              "/subscriptions/9027b155-705c-4df1-9fe1-4793621a89e9/resourceGroups/MC_internal.mashreq.azureuaenorth.rbg.digital_nonprod_mashreq-aksrbg_uaenorth/providers/Microsoft.Network/networkInterfaces/aks-aksclusrbg-25364551-nic-0/ipConfigurations/ipconfig28",
              "/subscriptions/9027b155-705c-4df1-9fe1-4793621a89e9/resourceGroups/MC_internal.mashreq.azureuaenorth.rbg.digital_nonprod_mashreq-aksrbg_uaenorth/providers/Microsoft.Network/networkInterfaces/aks-aksclusrbg-25364551-nic-0/ipConfigurations/ipconfig29",
              "/subscriptions/9027b155-705c-4df1-9fe1-4793621a89e9/resourceGroups/MC_internal.mashreq.azureuaenorth.rbg.digital_nonprod_mashreq-aksrbg_uaenorth/providers/Microsoft.Network/networkInterfaces/aks-aksclusrbg-25364551-nic-0/ipConfigurations/ipconfig3",
              "/subscriptions/9027b155-705c-4df1-9fe1-4793621a89e9/resourceGroups/MC_internal.mashreq.azureuaenorth.rbg.digital_nonprod_mashreq-aksrbg_uaenorth/providers/Microsoft.Network/networkInterfaces/aks-aksclusrbg-25364551-nic-0/ipConfigurations/ipconfig30",
              "/subscriptions/9027b155-705c-4df1-9fe1-4793621a89e9/resourceGroups/MC_internal.mashreq.azureuaenorth.rbg.digital_nonprod_mashreq-aksrbg_uaenorth/providers/Microsoft.Network/networkInterfaces/aks-aksclusrbg-25364551-nic-0/ipConfigurations/ipconfig31",
              "/subscriptions/9027b155-705c-4df1-9fe1-4793621a89e9/resourceGroups/MC_internal.mashreq.azureuaenorth.rbg.digital_nonprod_mashreq-aksrbg_uaenorth/providers/Microsoft.Network/networkInterfaces/aks-aksclusrbg-25364551-nic-0/ipConfigurations/ipconfig32",
              "/subscriptions/9027b155-705c-4df1-9fe1-4793621a89e9/resourceGroups/MC_internal.mashreq.azureuaenorth.rbg.digital_nonprod_mashreq-aksrbg_uaenorth/providers/Microsoft.Network/networkInterfaces/aks-aksclusrbg-25364551-nic-0/ipConfigurations/ipconfig33",
              "/subscriptions/9027b155-705c-4df1-9fe1-4793621a89e9/resourceGroups/MC_internal.mashreq.azureuaenorth.rbg.digital_nonprod_mashreq-aksrbg_uaenorth/providers/Microsoft.Network/networkInterfaces/aks-aksclusrbg-25364551-nic-0/ipConfigurations/ipconfig34",
              "/subscriptions/9027b155-705c-4df1-9fe1-4793621a89e9/resourceGroups/MC_internal.mashreq.azureuaenorth.rbg.digital_nonprod_mashreq-aksrbg_uaenorth/providers/Microsoft.Network/networkInterfaces/aks-aksclusrbg-25364551-nic-0/ipConfigurations/ipconfig35",
              "/subscriptions/9027b155-705c-4df1-9fe1-4793621a89e9/resourceGroups/MC_internal.mashreq.azureuaenorth.rbg.digital_nonprod_mashreq-aksrbg_uaenorth/providers/Microsoft.Network/networkInterfaces/aks-aksclusrbg-25364551-nic-0/ipConfigurations/ipconfig36",
              "/subscriptions/9027b155-705c-4df1-9fe1-4793621a89e9/resourceGroups/MC_internal.mashreq.azureuaenorth.rbg.digital_nonprod_mashreq-aksrbg_uaenorth/providers/Microsoft.Network/networkInterfaces/aks-aksclusrbg-25364551-nic-0/ipConfigurations/ipconfig37",
              "/subscriptions/9027b155-705c-4df1-9fe1-4793621a89e9/resourceGroups/MC_internal.mashreq.azureuaenorth.rbg.digital_nonprod_mashreq-aksrbg_uaenorth/providers/Microsoft.Network/networkInterfaces/aks-aksclusrbg-25364551-nic-0/ipConfigurations/ipconfig38",
              "/subscriptions/9027b155-705c-4df1-9fe1-4793621a89e9/resourceGroups/MC_internal.mashreq.azureuaenorth.rbg.digital_nonprod_mashreq-aksrbg_uaenorth/providers/Microsoft.Network/networkInterfaces/aks-aksclusrbg-25364551-nic-0/ipConfigurations/ipconfig39",
              "/subscriptions/9027b155-705c-4df1-9fe1-4793621a89e9/resourceGroups/MC_internal.mashreq.azureuaenorth.rbg.digital_nonprod_mashreq-aksrbg_uaenorth/providers/Microsoft.Network/networkInterfaces/aks-aksclusrbg-25364551-nic-0/ipConfigurations/ipconfig4",
              "/subscriptions/9027b155-705c-4df1-9fe1-4793621a89e9/resourceGroups/MC_internal.mashreq.azureuaenorth.rbg.digital_nonprod_mashreq-aksrbg_uaenorth/providers/Microsoft.Network/networkInterfaces/aks-aksclusrbg-25364551-nic-0/ipConfigurations/ipconfig40",
              "/subscriptions/9027b155-705c-4df1-9fe1-4793621a89e9/resourceGroups/MC_internal.mashreq.azureuaenorth.rbg.digital_nonprod_mashreq-aksrbg_uaenorth/providers/Microsoft.Network/networkInterfaces/aks-aksclusrbg-25364551-nic-0/ipConfigurations/ipconfig41",
              "/subscriptions/9027b155-705c-4df1-9fe1-4793621a89e9/resourceGroups/MC_internal.mashreq.azureuaenorth.rbg.digital_nonprod_mashreq-aksrbg_uaenorth/providers/Microsoft.Network/networkInterfaces/aks-aksclusrbg-25364551-nic-0/ipConfigurations/ipconfig42",
              "/subscriptions/9027b155-705c-4df1-9fe1-4793621a89e9/resourceGroups/MC_internal.mashreq.azureuaenorth.rbg.digital_nonprod_mashreq-aksrbg_uaenorth/providers/Microsoft.Network/networkInterfaces/aks-aksclusrbg-25364551-nic-0/ipConfigurations/ipconfig43",
              "/subscriptions/9027b155-705c-4df1-9fe1-4793621a89e9/resourceGroups/MC_internal.mashreq.azureuaenorth.rbg.digital_nonprod_mashreq-aksrbg_uaenorth/providers/Microsoft.Network/networkInterfaces/aks-aksclusrbg-25364551-nic-0/ipConfigurations/ipconfig44",
              "/subscriptions/9027b155-705c-4df1-9fe1-4793621a89e9/resourceGroups/MC_internal.mashreq.azureuaenorth.rbg.digital_nonprod_mashreq-aksrbg_uaenorth/providers/Microsoft.Network/networkInterfaces/aks-aksclusrbg-25364551-nic-0/ipConfigurations/ipconfig45",
              "/subscriptions/9027b155-705c-4df1-9fe1-4793621a89e9/resourceGroups/MC_internal.mashreq.azureuaenorth.rbg.digital_nonprod_mashreq-aksrbg_uaenorth/providers/Microsoft.Network/networkInterfaces/aks-aksclusrbg-25364551-nic-0/ipConfigurations/ipconfig46",
              "/subscriptions/9027b155-705c-4df1-9fe1-4793621a89e9/resourceGroups/MC_internal.mashreq.azureuaenorth.rbg.digital_nonprod_mashreq-aksrbg_uaenorth/providers/Microsoft.Network/networkInterfaces/aks-aksclusrbg-25364551-nic-0/ipConfigurations/ipconfig47",
              "/subscriptions/9027b155-705c-4df1-9fe1-4793621a89e9/resourceGroups/MC_internal.mashreq.azureuaenorth.rbg.digital_nonprod_mashreq-aksrbg_uaenorth/providers/Microsoft.Network/networkInterfaces/aks-aksclusrbg-25364551-nic-0/ipConfigurations/ipconfig48",
              "/subscriptions/9027b155-705c-4df1-9fe1-4793621a89e9/resourceGroups/MC_internal.mashreq.azureuaenorth.rbg.digital_nonprod_mashreq-aksrbg_uaenorth/providers/Microsoft.Network/networkInterfaces/aks-aksclusrbg-25364551-nic-0/ipConfigurations/ipconfig49",
              "/subscriptions/9027b155-705c-4df1-9fe1-4793621a89e9/resourceGroups/MC_internal.mashreq.azureuaenorth.rbg.digital_nonprod_mashreq-aksrbg_uaenorth/providers/Microsoft.Network/networkInterfaces/aks-aksclusrbg-25364551-nic-0/ipConfigurations/ipconfig5",
              "/subscriptions/9027b155-705c-4df1-9fe1-4793621a89e9/resourceGroups/MC_internal.mashreq.azureuaenorth.rbg.digital_nonprod_mashreq-aksrbg_uaenorth/providers/Microsoft.Network/networkInterfaces/aks-aksclusrbg-25364551-nic-0/ipConfigurations/ipconfig50",
              "/subscriptions/9027b155-705c-4df1-9fe1-4793621a89e9/resourceGroups/MC_internal.mashreq.azureuaenorth.rbg.digital_nonprod_mashreq-aksrbg_uaenorth/providers/Microsoft.Network/networkInterfaces/aks-aksclusrbg-25364551-nic-0/ipConfigurations/ipconfig51",
              "/subscriptions/9027b155-705c-4df1-9fe1-4793621a89e9/resourceGroups/MC_internal.mashreq.azureuaenorth.rbg.digital_nonprod_mashreq-aksrbg_uaenorth/providers/Microsoft.Network/networkInterfaces/aks-aksclusrbg-25364551-nic-0/ipConfigurations/ipconfig52",
              "/subscriptions/9027b155-705c-4df1-9fe1-4793621a89e9/resourceGroups/MC_internal.mashreq.azureuaenorth.rbg.digital_nonprod_mashreq-aksrbg_uaenorth/providers/Microsoft.Network/networkInterfaces/aks-aksclusrbg-25364551-nic-0/ipConfigurations/ipconfig53",
              "/subscriptions/9027b155-705c-4df1-9fe1-4793621a89e9/resourceGroups/MC_internal.mashreq.azureuaenorth.rbg.digital_nonprod_mashreq-aksrbg_uaenorth/providers/Microsoft.Network/networkInterfaces/aks-aksclusrbg-25364551-nic-0/ipConfigurations/ipconfig54",
              "/subscriptions/9027b155-705c-4df1-9fe1-4793621a89e9/resourceGroups/MC_internal.mashreq.azureuaenorth.rbg.digital_nonprod_mashreq-aksrbg_uaenorth/providers/Microsoft.Network/networkInterfaces/aks-aksclusrbg-25364551-nic-0/ipConfigurations/ipconfig55",
              "/subscriptions/9027b155-705c-4df1-9fe1-4793621a89e9/resourceGroups/MC_internal.mashreq.azureuaenorth.rbg.digital_nonprod_mashreq-aksrbg_uaenorth/providers/Microsoft.Network/networkInterfaces/aks-aksclusrbg-25364551-nic-0/ipConfigurations/ipconfig56",
              "/subscriptions/9027b155-705c-4df1-9fe1-4793621a89e9/resourceGroups/MC_internal.mashreq.azureuaenorth.rbg.digital_nonprod_mashreq-aksrbg_uaenorth/providers/Microsoft.Network/networkInterfaces/aks-aksclusrbg-25364551-nic-0/ipConfigurations/ipconfig57",
              "/subscriptions/9027b155-705c-4df1-9fe1-4793621a89e9/resourceGroups/MC_internal.mashreq.azureuaenorth.rbg.digital_nonprod_mashreq-aksrbg_uaenorth/providers/Microsoft.Network/networkInterfaces/aks-aksclusrbg-25364551-nic-0/ipConfigurations/ipconfig58",
              "/subscriptions/9027b155-705c-4df1-9fe1-4793621a89e9/resourceGroups/MC_internal.mashreq.azureuaenorth.rbg.digital_nonprod_mashreq-aksrbg_uaenorth/providers/Microsoft.Network/networkInterfaces/aks-aksclusrbg-25364551-nic-0/ipConfigurations/ipconfig59",
              "/subscriptions/9027b155-705c-4df1-9fe1-4793621a89e9/resourceGroups/MC_internal.mashreq.azureuaenorth.rbg.digital_nonprod_mashreq-aksrbg_uaenorth/providers/Microsoft.Network/networkInterfaces/aks-aksclusrbg-25364551-nic-0/ipConfigurations/ipconfig6",
              "/subscriptions/9027b155-705c-4df1-9fe1-4793621a89e9/resourceGroups/MC_internal.mashreq.azureuaenorth.rbg.digital_nonprod_mashreq-aksrbg_uaenorth/providers/Microsoft.Network/networkInterfaces/aks-aksclusrbg-25364551-nic-0/ipConfigurations/ipconfig60",
              "/subscriptions/9027b155-705c-4df1-9fe1-4793621a89e9/resourceGroups/MC_internal.mashreq.azureuaenorth.rbg.digital_nonprod_mashreq-aksrbg_uaenorth/providers/Microsoft.Network/networkInterfaces/aks-aksclusrbg-25364551-nic-0/ipConfigurations/ipconfig61",
              "/subscriptions/9027b155-705c-4df1-9fe1-4793621a89e9/resourceGroups/MC_internal.mashreq.azureuaenorth.rbg.digital_nonprod_mashreq-aksrbg_uaenorth/providers/Microsoft.Network/networkInterfaces/aks-aksclusrbg-25364551-nic-0/ipConfigurations/ipconfig62",
              "/subscriptions/9027b155-705c-4df1-9fe1-4793621a89e9/resourceGroups/MC_internal.mashreq.azureuaenorth.rbg.digital_nonprod_mashreq-aksrbg_uaenorth/providers/Microsoft.Network/networkInterfaces/aks-aksclusrbg-25364551-nic-0/ipConfigurations/ipconfig63",
              "/subscriptions/9027b155-705c-4df1-9fe1-4793621a89e9/resourceGroups/MC_internal.mashreq.azureuaenorth.rbg.digital_nonprod_mashreq-aksrbg_uaenorth/providers/Microsoft.Network/networkInterfaces/aks-aksclusrbg-25364551-nic-0/ipConfigurations/ipconfig64",
              "/subscriptions/9027b155-705c-4df1-9fe1-4793621a89e9/resourceGroups/MC_internal.mashreq.azureuaenorth.rbg.digital_nonprod_mashreq-aksrbg_uaenorth/providers/Microsoft.Network/networkInterfaces/aks-aksclusrbg-25364551-nic-0/ipConfigurations/ipconfig65",
              "/subscriptions/9027b155-705c-4df1-9fe1-4793621a89e9/resourceGroups/MC_internal.mashreq.azureuaenorth.rbg.digital_nonprod_mashreq-aksrbg_uaenorth/providers/Microsoft.Network/networkInterfaces/aks-aksclusrbg-25364551-nic-0/ipConfigurations/ipconfig66",
              "/subscriptions/9027b155-705c-4df1-9fe1-4793621a89e9/resourceGroups/MC_internal.mashreq.azureuaenorth.rbg.digital_nonprod_mashreq-aksrbg_uaenorth/providers/Microsoft.Network/networkInterfaces/aks-aksclusrbg-25364551-nic-0/ipConfigurations/ipconfig67",
              "/subscriptions/9027b155-705c-4df1-9fe1-4793621a89e9/resourceGroups/MC_internal.mashreq.azureuaenorth.rbg.digital_nonprod_mashreq-aksrbg_uaenorth/providers/Microsoft.Network/networkInterfaces/aks-aksclusrbg-25364551-nic-0/ipConfigurations/ipconfig68",
              "/subscriptions/9027b155-705c-4df1-9fe1-4793621a89e9/resourceGroups/MC_internal.mashreq.azureuaenorth.rbg.digital_nonprod_mashreq-aksrbg_uaenorth/providers/Microsoft.Network/networkInterfaces/aks-aksclusrbg-25364551-nic-0/ipConfigurations/ipconfig69",
              "/subscriptions/9027b155-705c-4df1-9fe1-4793621a89e9/resourceGroups/MC_internal.mashreq.azureuaenorth.rbg.digital_nonprod_mashreq-aksrbg_uaenorth/providers/Microsoft.Network/networkInterfaces/aks-aksclusrbg-25364551-nic-0/ipConfigurations/ipconfig7",
              "/subscriptions/9027b155-705c-4df1-9fe1-4793621a89e9/resourceGroups/MC_internal.mashreq.azureuaenorth.rbg.digital_nonprod_mashreq-aksrbg_uaenorth/providers/Microsoft.Network/networkInterfaces/aks-aksclusrbg-25364551-nic-0/ipConfigurations/ipconfig70",
              "/subscriptions/9027b155-705c-4df1-9fe1-4793621a89e9/resourceGroups/MC_internal.mashreq.azureuaenorth.rbg.digital_nonprod_mashreq-aksrbg_uaenorth/providers/Microsoft.Network/networkInterfaces/aks-aksclusrbg-25364551-nic-0/ipConfigurations/ipconfig71",
              "/subscriptions/9027b155-705c-4df1-9fe1-4793621a89e9/resourceGroups/MC_internal.mashreq.azureuaenorth.rbg.digital_nonprod_mashreq-aksrbg_uaenorth/providers/Microsoft.Network/networkInterfaces/aks-aksclusrbg-25364551-nic-0/ipConfigurations/ipconfig72",
              "/subscriptions/9027b155-705c-4df1-9fe1-4793621a89e9/resourceGroups/MC_internal.mashreq.azureuaenorth.rbg.digital_nonprod_mashreq-aksrbg_uaenorth/providers/Microsoft.Network/networkInterfaces/aks-aksclusrbg-25364551-nic-0/ipConfigurations/ipconfig73",
              "/subscriptions/9027b155-705c-4df1-9fe1-4793621a89e9/resourceGroups/MC_internal.mashreq.azureuaenorth.rbg.digital_nonprod_mashreq-aksrbg_uaenorth/providers/Microsoft.Network/networkInterfaces/aks-aksclusrbg-25364551-nic-0/ipConfigurations/ipconfig74",
              "/subscriptions/9027b155-705c-4df1-9fe1-4793621a89e9/resourceGroups/MC_internal.mashreq.azureuaenorth.rbg.digital_nonprod_mashreq-aksrbg_uaenorth/providers/Microsoft.Network/networkInterfaces/aks-aksclusrbg-25364551-nic-0/ipConfigurations/ipconfig75",
              "/subscriptions/9027b155-705c-4df1-9fe1-4793621a89e9/resourceGroups/MC_internal.mashreq.azureuaenorth.rbg.digital_nonprod_mashreq-aksrbg_uaenorth/providers/Microsoft.Network/networkInterfaces/aks-aksclusrbg-25364551-nic-0/ipConfigurations/ipconfig76",
              "/subscriptions/9027b155-705c-4df1-9fe1-4793621a89e9/resourceGroups/MC_internal.mashreq.azureuaenorth.rbg.digital_nonprod_mashreq-aksrbg_uaenorth/providers/Microsoft.Network/networkInterfaces/aks-aksclusrbg-25364551-nic-0/ipConfigurations/ipconfig77",
              "/subscriptions/9027b155-705c-4df1-9fe1-4793621a89e9/resourceGroups/MC_internal.mashreq.azureuaenorth.rbg.digital_nonprod_mashreq-aksrbg_uaenorth/providers/Microsoft.Network/networkInterfaces/aks-aksclusrbg-25364551-nic-0/ipConfigurations/ipconfig78",
              "/subscriptions/9027b155-705c-4df1-9fe1-4793621a89e9/resourceGroups/MC_internal.mashreq.azureuaenorth.rbg.digital_nonprod_mashreq-aksrbg_uaenorth/providers/Microsoft.Network/networkInterfaces/aks-aksclusrbg-25364551-nic-0/ipConfigurations/ipconfig79",
              "/subscriptions/9027b155-705c-4df1-9fe1-4793621a89e9/resourceGroups/MC_internal.mashreq.azureuaenorth.rbg.digital_nonprod_mashreq-aksrbg_uaenorth/providers/Microsoft.Network/networkInterfaces/aks-aksclusrbg-25364551-nic-0/ipConfigurations/ipconfig8",
              "/subscriptions/9027b155-705c-4df1-9fe1-4793621a89e9/resourceGroups/MC_internal.mashreq.azureuaenorth.rbg.digital_nonprod_mashreq-aksrbg_uaenorth/providers/Microsoft.Network/networkInterfaces/aks-aksclusrbg-25364551-nic-0/ipConfigurations/ipconfig80",
              "/subscriptions/9027b155-705c-4df1-9fe1-4793621a89e9/resourceGroups/MC_internal.mashreq.azureuaenorth.rbg.digital_nonprod_mashreq-aksrbg_uaenorth/providers/Microsoft.Network/networkInterfaces/aks-aksclusrbg-25364551-nic-0/ipConfigurations/ipconfig81",
              "/subscriptions/9027b155-705c-4df1-9fe1-4793621a89e9/resourceGroups/MC_internal.mashreq.azureuaenorth.rbg.digital_nonprod_mashreq-aksrbg_uaenorth/providers/Microsoft.Network/networkInterfaces/aks-aksclusrbg-25364551-nic-0/ipConfigurations/ipconfig82",
              "/subscriptions/9027b155-705c-4df1-9fe1-4793621a89e9/resourceGroups/MC_internal.mashreq.azureuaenorth.rbg.digital_nonprod_mashreq-aksrbg_uaenorth/providers/Microsoft.Network/networkInterfaces/aks-aksclusrbg-25364551-nic-0/ipConfigurations/ipconfig83",
              "/subscriptions/9027b155-705c-4df1-9fe1-4793621a89e9/resourceGroups/MC_internal.mashreq.azureuaenorth.rbg.digital_nonprod_mashreq-aksrbg_uaenorth/providers/Microsoft.Network/networkInterfaces/aks-aksclusrbg-25364551-nic-0/ipConfigurations/ipconfig84",
              "/subscriptions/9027b155-705c-4df1-9fe1-4793621a89e9/resourceGroups/MC_internal.mashreq.azureuaenorth.rbg.digital_nonprod_mashreq-aksrbg_uaenorth/providers/Microsoft.Network/networkInterfaces/aks-aksclusrbg-25364551-nic-0/ipConfigurations/ipconfig85",
              "/subscriptions/9027b155-705c-4df1-9fe1-4793621a89e9/resourceGroups/MC_internal.mashreq.azureuaenorth.rbg.digital_nonprod_mashreq-aksrbg_uaenorth/providers/Microsoft.Network/networkInterfaces/aks-aksclusrbg-25364551-nic-0/ipConfigurations/ipconfig86",
              "/subscriptions/9027b155-705c-4df1-9fe1-4793621a89e9/resourceGroups/MC_internal.mashreq.azureuaenorth.rbg.digital_nonprod_mashreq-aksrbg_uaenorth/providers/Microsoft.Network/networkInterfaces/aks-aksclusrbg-25364551-nic-0/ipConfigurations/ipconfig87",
              "/subscriptions/9027b155-705c-4df1-9fe1-4793621a89e9/resourceGroups/MC_internal.mashreq.azureuaenorth.rbg.digital_nonprod_mashreq-aksrbg_uaenorth/providers/Microsoft.Network/networkInterfaces/aks-aksclusrbg-25364551-nic-0/ipConfigurations/ipconfig88",
              "/subscriptions/9027b155-705c-4df1-9fe1-4793621a89e9/resourceGroups/MC_internal.mashreq.azureuaenorth.rbg.digital_nonprod_mashreq-aksrbg_uaenorth/providers/Microsoft.Network/networkInterfaces/aks-aksclusrbg-25364551-nic-0/ipConfigurations/ipconfig89",
              "/subscriptions/9027b155-705c-4df1-9fe1-4793621a89e9/resourceGroups/MC_internal.mashreq.azureuaenorth.rbg.digital_nonprod_mashreq-aksrbg_uaenorth/providers/Microsoft.Network/networkInterfaces/aks-aksclusrbg-25364551-nic-0/ipConfigurations/ipconfig9",
              "/subscriptions/9027b155-705c-4df1-9fe1-4793621a89e9/resourceGroups/MC_internal.mashreq.azureuaenorth.rbg.digital_nonprod_mashreq-aksrbg_uaenorth/providers/Microsoft.Network/networkInterfaces/aks-aksclusrbg-25364551-nic-0/ipConfigurations/ipconfig90",
              "/subscriptions/9027b155-705c-4df1-9fe1-4793621a89e9/resourceGroups/MC_internal.mashreq.azureuaenorth.rbg.digital_nonprod_mashreq-aksrbg_uaenorth/providers/Microsoft.Network/networkInterfaces/aks-aksclusrbg-25364551-nic-0/ipConfigurations/ipconfig91",
              "/subscriptions/9027b155-705c-4df1-9fe1-4793621a89e9/resourceGroups/MC_internal.mashreq.azureuaenorth.rbg.digital_nonprod_mashreq-aksrbg_uaenorth/providers/Microsoft.Network/networkInterfaces/aks-aksclusrbg-25364551-nic-0/ipConfigurations/ipconfig92",
              "/subscriptions/9027b155-705c-4df1-9fe1-4793621a89e9/resourceGroups/MC_internal.mashreq.azureuaenorth.rbg.digital_nonprod_mashreq-aksrbg_uaenorth/providers/Microsoft.Network/networkInterfaces/aks-aksclusrbg-25364551-nic-0/ipConfigurations/ipconfig93",
              "/subscriptions/9027b155-705c-4df1-9fe1-4793621a89e9/resourceGroups/MC_internal.mashreq.azureuaenorth.rbg.digital_nonprod_mashreq-aksrbg_uaenorth/providers/Microsoft.Network/networkInterfaces/aks-aksclusrbg-25364551-nic-0/ipConfigurations/ipconfig94",
              "/subscriptions/9027b155-705c-4df1-9fe1-4793621a89e9/resourceGroups/MC_internal.mashreq.azureuaenorth.rbg.digital_nonprod_mashreq-aksrbg_uaenorth/providers/Microsoft.Network/networkInterfaces/aks-aksclusrbg-25364551-nic-0/ipConfigurations/ipconfig95",
              "/subscriptions/9027b155-705c-4df1-9fe1-4793621a89e9/resourceGroups/MC_internal.mashreq.azureuaenorth.rbg.digital_nonprod_mashreq-aksrbg_uaenorth/providers/Microsoft.Network/networkInterfaces/aks-aksclusrbg-25364551-nic-0/ipConfigurations/ipconfig96",
              "/subscriptions/9027b155-705c-4df1-9fe1-4793621a89e9/resourceGroups/MC_internal.mashreq.azureuaenorth.rbg.digital_nonprod_mashreq-aksrbg_uaenorth/providers/Microsoft.Network/networkInterfaces/aks-aksclusrbg-25364551-nic-0/ipConfigurations/ipconfig97",
              "/subscriptions/9027b155-705c-4df1-9fe1-4793621a89e9/resourceGroups/MC_internal.mashreq.azureuaenorth.rbg.digital_nonprod_mashreq-aksrbg_uaenorth/providers/Microsoft.Network/networkInterfaces/aks-aksclusrbg-25364551-nic-0/ipConfigurations/ipconfig98",
              "/subscriptions/9027b155-705c-4df1-9fe1-4793621a89e9/resourceGroups/MC_internal.mashreq.azureuaenorth.rbg.digital_nonprod_mashreq-aksrbg_uaenorth/providers/Microsoft.Network/networkInterfaces/aks-aksclusrbg-25364551-nic-0/ipConfigurations/ipconfig99",
              "/subscriptions/9027b155-705c-4df1-9fe1-4793621a89e9/resourceGroups/MC_internal.mashreq.azureuaenorth.rbg.digital_nonprod_mashreq-aksrbg_uaenorth/providers/Microsoft.Network/networkInterfaces/aks-aksclusrbg-25364551-nic-1/ipConfigurations/ipconfig1",
              "/subscriptions/9027b155-705c-4df1-9fe1-4793621a89e9/resourceGroups/MC_internal.mashreq.azureuaenorth.rbg.digital_nonprod_mashreq-aksrbg_uaenorth/providers/Microsoft.Network/networkInterfaces/aks-aksclusrbg-25364551-nic-1/ipConfigurations/ipconfig10",
              "/subscriptions/9027b155-705c-4df1-9fe1-4793621a89e9/resourceGroups/MC_internal.mashreq.azureuaenorth.rbg.digital_nonprod_mashreq-aksrbg_uaenorth/providers/Microsoft.Network/networkInterfaces/aks-aksclusrbg-25364551-nic-1/ipConfigurations/ipconfig100",
              "/subscriptions/9027b155-705c-4df1-9fe1-4793621a89e9/resourceGroups/MC_internal.mashreq.azureuaenorth.rbg.digital_nonprod_mashreq-aksrbg_uaenorth/providers/Microsoft.Network/networkInterfaces/aks-aksclusrbg-25364551-nic-1/ipConfigurations/ipconfig101",
              "/subscriptions/9027b155-705c-4df1-9fe1-4793621a89e9/resourceGroups/MC_internal.mashreq.azureuaenorth.rbg.digital_nonprod_mashreq-aksrbg_uaenorth/providers/Microsoft.Network/networkInterfaces/aks-aksclusrbg-25364551-nic-1/ipConfigurations/ipconfig11",
              "/subscriptions/9027b155-705c-4df1-9fe1-4793621a89e9/resourceGroups/MC_internal.mashreq.azureuaenorth.rbg.digital_nonprod_mashreq-aksrbg_uaenorth/providers/Microsoft.Network/networkInterfaces/aks-aksclusrbg-25364551-nic-1/ipConfigurations/ipconfig12",
              "/subscriptions/9027b155-705c-4df1-9fe1-4793621a89e9/resourceGroups/MC_internal.mashreq.azureuaenorth.rbg.digital_nonprod_mashreq-aksrbg_uaenorth/providers/Microsoft.Network/networkInterfaces/aks-aksclusrbg-25364551-nic-1/ipConfigurations/ipconfig13",
              "/subscriptions/9027b155-705c-4df1-9fe1-4793621a89e9/resourceGroups/MC_internal.mashreq.azureuaenorth.rbg.digital_nonprod_mashreq-aksrbg_uaenorth/providers/Microsoft.Network/networkInterfaces/aks-aksclusrbg-25364551-nic-1/ipConfigurations/ipconfig14",
              "/subscriptions/9027b155-705c-4df1-9fe1-4793621a89e9/resourceGroups/MC_internal.mashreq.azureuaenorth.rbg.digital_nonprod_mashreq-aksrbg_uaenorth/providers/Microsoft.Network/networkInterfaces/aks-aksclusrbg-25364551-nic-1/ipConfigurations/ipconfig15",
              "/subscriptions/9027b155-705c-4df1-9fe1-4793621a89e9/resourceGroups/MC_internal.mashreq.azureuaenorth.rbg.digital_nonprod_mashreq-aksrbg_uaenorth/providers/Microsoft.Network/networkInterfaces/aks-aksclusrbg-25364551-nic-1/ipConfigurations/ipconfig16",
              "/subscriptions/9027b155-705c-4df1-9fe1-4793621a89e9/resourceGroups/MC_internal.mashreq.azureuaenorth.rbg.digital_nonprod_mashreq-aksrbg_uaenorth/providers/Microsoft.Network/networkInterfaces/aks-aksclusrbg-25364551-nic-1/ipConfigurations/ipconfig17",
              "/subscriptions/9027b155-705c-4df1-9fe1-4793621a89e9/resourceGroups/MC_internal.mashreq.azureuaenorth.rbg.digital_nonprod_mashreq-aksrbg_uaenorth/providers/Microsoft.Network/networkInterfaces/aks-aksclusrbg-25364551-nic-1/ipConfigurations/ipconfig18",
              "/subscriptions/9027b155-705c-4df1-9fe1-4793621a89e9/resourceGroups/MC_internal.mashreq.azureuaenorth.rbg.digital_nonprod_mashreq-aksrbg_uaenorth/providers/Microsoft.Network/networkInterfaces/aks-aksclusrbg-25364551-nic-1/ipConfigurations/ipconfig19",
              "/subscriptions/9027b155-705c-4df1-9fe1-4793621a89e9/resourceGroups/MC_internal.mashreq.azureuaenorth.rbg.digital_nonprod_mashreq-aksrbg_uaenorth/providers/Microsoft.Network/networkInterfaces/aks-aksclusrbg-25364551-nic-1/ipConfigurations/ipconfig2",
              "/subscriptions/9027b155-705c-4df1-9fe1-4793621a89e9/resourceGroups/MC_internal.mashreq.azureuaenorth.rbg.digital_nonprod_mashreq-aksrbg_uaenorth/providers/Microsoft.Network/networkInterfaces/aks-aksclusrbg-25364551-nic-1/ipConfigurations/ipconfig20",
              "/subscriptions/9027b155-705c-4df1-9fe1-4793621a89e9/resourceGroups/MC_internal.mashreq.azureuaenorth.rbg.digital_nonprod_mashreq-aksrbg_uaenorth/providers/Microsoft.Network/networkInterfaces/aks-aksclusrbg-25364551-nic-1/ipConfigurations/ipconfig21",
              "/subscriptions/9027b155-705c-4df1-9fe1-4793621a89e9/resourceGroups/MC_internal.mashreq.azureuaenorth.rbg.digital_nonprod_mashreq-aksrbg_uaenorth/providers/Microsoft.Network/networkInterfaces/aks-aksclusrbg-25364551-nic-1/ipConfigurations/ipconfig22",
              "/subscriptions/9027b155-705c-4df1-9fe1-4793621a89e9/resourceGroups/MC_internal.mashreq.azureuaenorth.rbg.digital_nonprod_mashreq-aksrbg_uaenorth/providers/Microsoft.Network/networkInterfaces/aks-aksclusrbg-25364551-nic-1/ipConfigurations/ipconfig23",
              "/subscriptions/9027b155-705c-4df1-9fe1-4793621a89e9/resourceGroups/MC_internal.mashreq.azureuaenorth.rbg.digital_nonprod_mashreq-aksrbg_uaenorth/providers/Microsoft.Network/networkInterfaces/aks-aksclusrbg-25364551-nic-1/ipConfigurations/ipconfig24",
              "/subscriptions/9027b155-705c-4df1-9fe1-4793621a89e9/resourceGroups/MC_internal.mashreq.azureuaenorth.rbg.digital_nonprod_mashreq-aksrbg_uaenorth/providers/Microsoft.Network/networkInterfaces/aks-aksclusrbg-25364551-nic-1/ipConfigurations/ipconfig25",
              "/subscriptions/9027b155-705c-4df1-9fe1-4793621a89e9/resourceGroups/MC_internal.mashreq.azureuaenorth.rbg.digital_nonprod_mashreq-aksrbg_uaenorth/providers/Microsoft.Network/networkInterfaces/aks-aksclusrbg-25364551-nic-1/ipConfigurations/ipconfig26",
              "/subscriptions/9027b155-705c-4df1-9fe1-4793621a89e9/resourceGroups/MC_internal.mashreq.azureuaenorth.rbg.digital_nonprod_mashreq-aksrbg_uaenorth/providers/Microsoft.Network/networkInterfaces/aks-aksclusrbg-25364551-nic-1/ipConfigurations/ipconfig27",
              "/subscriptions/9027b155-705c-4df1-9fe1-4793621a89e9/resourceGroups/MC_internal.mashreq.azureuaenorth.rbg.digital_nonprod_mashreq-aksrbg_uaenorth/providers/Microsoft.Network/networkInterfaces/aks-aksclusrbg-25364551-nic-1/ipConfigurations/ipconfig28",
              "/subscriptions/9027b155-705c-4df1-9fe1-4793621a89e9/resourceGroups/MC_internal.mashreq.azureuaenorth.rbg.digital_nonprod_mashreq-aksrbg_uaenorth/providers/Microsoft.Network/networkInterfaces/aks-aksclusrbg-25364551-nic-1/ipConfigurations/ipconfig29",
              "/subscriptions/9027b155-705c-4df1-9fe1-4793621a89e9/resourceGroups/MC_internal.mashreq.azureuaenorth.rbg.digital_nonprod_mashreq-aksrbg_uaenorth/providers/Microsoft.Network/networkInterfaces/aks-aksclusrbg-25364551-nic-1/ipConfigurations/ipconfig3",
              "/subscriptions/9027b155-705c-4df1-9fe1-4793621a89e9/resourceGroups/MC_internal.mashreq.azureuaenorth.rbg.digital_nonprod_mashreq-aksrbg_uaenorth/providers/Microsoft.Network/networkInterfaces/aks-aksclusrbg-25364551-nic-1/ipConfigurations/ipconfig30",
              "/subscriptions/9027b155-705c-4df1-9fe1-4793621a89e9/resourceGroups/MC_internal.mashreq.azureuaenorth.rbg.digital_nonprod_mashreq-aksrbg_uaenorth/providers/Microsoft.Network/networkInterfaces/aks-aksclusrbg-25364551-nic-1/ipConfigurations/ipconfig31",
              "/subscriptions/9027b155-705c-4df1-9fe1-4793621a89e9/resourceGroups/MC_internal.mashreq.azureuaenorth.rbg.digital_nonprod_mashreq-aksrbg_uaenorth/providers/Microsoft.Network/networkInterfaces/aks-aksclusrbg-25364551-nic-1/ipConfigurations/ipconfig32",
              "/subscriptions/9027b155-705c-4df1-9fe1-4793621a89e9/resourceGroups/MC_internal.mashreq.azureuaenorth.rbg.digital_nonprod_mashreq-aksrbg_uaenorth/providers/Microsoft.Network/networkInterfaces/aks-aksclusrbg-25364551-nic-1/ipConfigurations/ipconfig33",
              "/subscriptions/9027b155-705c-4df1-9fe1-4793621a89e9/resourceGroups/MC_internal.mashreq.azureuaenorth.rbg.digital_nonprod_mashreq-aksrbg_uaenorth/providers/Microsoft.Network/networkInterfaces/aks-aksclusrbg-25364551-nic-1/ipConfigurations/ipconfig34",
              "/subscriptions/9027b155-705c-4df1-9fe1-4793621a89e9/resourceGroups/MC_internal.mashreq.azureuaenorth.rbg.digital_nonprod_mashreq-aksrbg_uaenorth/providers/Microsoft.Network/networkInterfaces/aks-aksclusrbg-25364551-nic-1/ipConfigurations/ipconfig35",
              "/subscriptions/9027b155-705c-4df1-9fe1-4793621a89e9/resourceGroups/MC_internal.mashreq.azureuaenorth.rbg.digital_nonprod_mashreq-aksrbg_uaenorth/providers/Microsoft.Network/networkInterfaces/aks-aksclusrbg-25364551-nic-1/ipConfigurations/ipconfig36",
              "/subscriptions/9027b155-705c-4df1-9fe1-4793621a89e9/resourceGroups/MC_internal.mashreq.azureuaenorth.rbg.digital_nonprod_mashreq-aksrbg_uaenorth/providers/Microsoft.Network/networkInterfaces/aks-aksclusrbg-25364551-nic-1/ipConfigurations/ipconfig37",
              "/subscriptions/9027b155-705c-4df1-9fe1-4793621a89e9/resourceGroups/MC_internal.mashreq.azureuaenorth.rbg.digital_nonprod_mashreq-aksrbg_uaenorth/providers/Microsoft.Network/networkInterfaces/aks-aksclusrbg-25364551-nic-1/ipConfigurations/ipconfig38",
              "/subscriptions/9027b155-705c-4df1-9fe1-4793621a89e9/resourceGroups/MC_internal.mashreq.azureuaenorth.rbg.digital_nonprod_mashreq-aksrbg_uaenorth/providers/Microsoft.Network/networkInterfaces/aks-aksclusrbg-25364551-nic-1/ipConfigurations/ipconfig39",
              "/subscriptions/9027b155-705c-4df1-9fe1-4793621a89e9/resourceGroups/MC_internal.mashreq.azureuaenorth.rbg.digital_nonprod_mashreq-aksrbg_uaenorth/providers/Microsoft.Network/networkInterfaces/aks-aksclusrbg-25364551-nic-1/ipConfigurations/ipconfig4",
              "/subscriptions/9027b155-705c-4df1-9fe1-4793621a89e9/resourceGroups/MC_internal.mashreq.azureuaenorth.rbg.digital_nonprod_mashreq-aksrbg_uaenorth/providers/Microsoft.Network/networkInterfaces/aks-aksclusrbg-25364551-nic-1/ipConfigurations/ipconfig40",
              "/subscriptions/9027b155-705c-4df1-9fe1-4793621a89e9/resourceGroups/MC_internal.mashreq.azureuaenorth.rbg.digital_nonprod_mashreq-aksrbg_uaenorth/providers/Microsoft.Network/networkInterfaces/aks-aksclusrbg-25364551-nic-1/ipConfigurations/ipconfig41",
              "/subscriptions/9027b155-705c-4df1-9fe1-4793621a89e9/resourceGroups/MC_internal.mashreq.azureuaenorth.rbg.digital_nonprod_mashreq-aksrbg_uaenorth/providers/Microsoft.Network/networkInterfaces/aks-aksclusrbg-25364551-nic-1/ipConfigurations/ipconfig42",
              "/subscriptions/9027b155-705c-4df1-9fe1-4793621a89e9/resourceGroups/MC_internal.mashreq.azureuaenorth.rbg.digital_nonprod_mashreq-aksrbg_uaenorth/providers/Microsoft.Network/networkInterfaces/aks-aksclusrbg-25364551-nic-1/ipConfigurations/ipconfig43",
              "/subscriptions/9027b155-705c-4df1-9fe1-4793621a89e9/resourceGroups/MC_internal.mashreq.azureuaenorth.rbg.digital_nonprod_mashreq-aksrbg_uaenorth/providers/Microsoft.Network/networkInterfaces/aks-aksclusrbg-25364551-nic-1/ipConfigurations/ipconfig44",
              "/subscriptions/9027b155-705c-4df1-9fe1-4793621a89e9/resourceGroups/MC_internal.mashreq.azureuaenorth.rbg.digital_nonprod_mashreq-aksrbg_uaenorth/providers/Microsoft.Network/networkInterfaces/aks-aksclusrbg-25364551-nic-1/ipConfigurations/ipconfig45",
              "/subscriptions/9027b155-705c-4df1-9fe1-4793621a89e9/resourceGroups/MC_internal.mashreq.azureuaenorth.rbg.digital_nonprod_mashreq-aksrbg_uaenorth/providers/Microsoft.Network/networkInterfaces/aks-aksclusrbg-25364551-nic-1/ipConfigurations/ipconfig46",
              "/subscriptions/9027b155-705c-4df1-9fe1-4793621a89e9/resourceGroups/MC_internal.mashreq.azureuaenorth.rbg.digital_nonprod_mashreq-aksrbg_uaenorth/providers/Microsoft.Network/networkInterfaces/aks-aksclusrbg-25364551-nic-1/ipConfigurations/ipconfig47",
              "/subscriptions/9027b155-705c-4df1-9fe1-4793621a89e9/resourceGroups/MC_internal.mashreq.azureuaenorth.rbg.digital_nonprod_mashreq-aksrbg_uaenorth/providers/Microsoft.Network/networkInterfaces/aks-aksclusrbg-25364551-nic-1/ipConfigurations/ipconfig48",
              "/subscriptions/9027b155-705c-4df1-9fe1-4793621a89e9/resourceGroups/MC_internal.mashreq.azureuaenorth.rbg.digital_nonprod_mashreq-aksrbg_uaenorth/providers/Microsoft.Network/networkInterfaces/aks-aksclusrbg-25364551-nic-1/ipConfigurations/ipconfig49",
              "/subscriptions/9027b155-705c-4df1-9fe1-4793621a89e9/resourceGroups/MC_internal.mashreq.azureuaenorth.rbg.digital_nonprod_mashreq-aksrbg_uaenorth/providers/Microsoft.Network/networkInterfaces/aks-aksclusrbg-25364551-nic-1/ipConfigurations/ipconfig5",
              "/subscriptions/9027b155-705c-4df1-9fe1-4793621a89e9/resourceGroups/MC_internal.mashreq.azureuaenorth.rbg.digital_nonprod_mashreq-aksrbg_uaenorth/providers/Microsoft.Network/networkInterfaces/aks-aksclusrbg-25364551-nic-1/ipConfigurations/ipconfig50",
              "/subscriptions/9027b155-705c-4df1-9fe1-4793621a89e9/resourceGroups/MC_internal.mashreq.azureuaenorth.rbg.digital_nonprod_mashreq-aksrbg_uaenorth/providers/Microsoft.Network/networkInterfaces/aks-aksclusrbg-25364551-nic-1/ipConfigurations/ipconfig51",
              "/subscriptions/9027b155-705c-4df1-9fe1-4793621a89e9/resourceGroups/MC_internal.mashreq.azureuaenorth.rbg.digital_nonprod_mashreq-aksrbg_uaenorth/providers/Microsoft.Network/networkInterfaces/aks-aksclusrbg-25364551-nic-1/ipConfigurations/ipconfig52",
              "/subscriptions/9027b155-705c-4df1-9fe1-4793621a89e9/resourceGroups/MC_internal.mashreq.azureuaenorth.rbg.digital_nonprod_mashreq-aksrbg_uaenorth/providers/Microsoft.Network/networkInterfaces/aks-aksclusrbg-25364551-nic-1/ipConfigurations/ipconfig53",
              "/subscriptions/9027b155-705c-4df1-9fe1-4793621a89e9/resourceGroups/MC_internal.mashreq.azureuaenorth.rbg.digital_nonprod_mashreq-aksrbg_uaenorth/providers/Microsoft.Network/networkInterfaces/aks-aksclusrbg-25364551-nic-1/ipConfigurations/ipconfig54",
              "/subscriptions/9027b155-705c-4df1-9fe1-4793621a89e9/resourceGroups/MC_internal.mashreq.azureuaenorth.rbg.digital_nonprod_mashreq-aksrbg_uaenorth/providers/Microsoft.Network/networkInterfaces/aks-aksclusrbg-25364551-nic-1/ipConfigurations/ipconfig55",
              "/subscriptions/9027b155-705c-4df1-9fe1-4793621a89e9/resourceGroups/MC_internal.mashreq.azureuaenorth.rbg.digital_nonprod_mashreq-aksrbg_uaenorth/providers/Microsoft.Network/networkInterfaces/aks-aksclusrbg-25364551-nic-1/ipConfigurations/ipconfig56",
              "/subscriptions/9027b155-705c-4df1-9fe1-4793621a89e9/resourceGroups/MC_internal.mashreq.azureuaenorth.rbg.digital_nonprod_mashreq-aksrbg_uaenorth/providers/Microsoft.Network/networkInterfaces/aks-aksclusrbg-25364551-nic-1/ipConfigurations/ipconfig57",
              "/subscriptions/9027b155-705c-4df1-9fe1-4793621a89e9/resourceGroups/MC_internal.mashreq.azureuaenorth.rbg.digital_nonprod_mashreq-aksrbg_uaenorth/providers/Microsoft.Network/networkInterfaces/aks-aksclusrbg-25364551-nic-1/ipConfigurations/ipconfig58",
              "/subscriptions/9027b155-705c-4df1-9fe1-4793621a89e9/resourceGroups/MC_internal.mashreq.azureuaenorth.rbg.digital_nonprod_mashreq-aksrbg_uaenorth/providers/Microsoft.Network/networkInterfaces/aks-aksclusrbg-25364551-nic-1/ipConfigurations/ipconfig59",
              "/subscriptions/9027b155-705c-4df1-9fe1-4793621a89e9/resourceGroups/MC_internal.mashreq.azureuaenorth.rbg.digital_nonprod_mashreq-aksrbg_uaenorth/providers/Microsoft.Network/networkInterfaces/aks-aksclusrbg-25364551-nic-1/ipConfigurations/ipconfig6",
              "/subscriptions/9027b155-705c-4df1-9fe1-4793621a89e9/resourceGroups/MC_internal.mashreq.azureuaenorth.rbg.digital_nonprod_mashreq-aksrbg_uaenorth/providers/Microsoft.Network/networkInterfaces/aks-aksclusrbg-25364551-nic-1/ipConfigurations/ipconfig60",
              "/subscriptions/9027b155-705c-4df1-9fe1-4793621a89e9/resourceGroups/MC_internal.mashreq.azureuaenorth.rbg.digital_nonprod_mashreq-aksrbg_uaenorth/providers/Microsoft.Network/networkInterfaces/aks-aksclusrbg-25364551-nic-1/ipConfigurations/ipconfig61",
              "/subscriptions/9027b155-705c-4df1-9fe1-4793621a89e9/resourceGroups/MC_internal.mashreq.azureuaenorth.rbg.digital_nonprod_mashreq-aksrbg_uaenorth/providers/Microsoft.Network/networkInterfaces/aks-aksclusrbg-25364551-nic-1/ipConfigurations/ipconfig62",
              "/subscriptions/9027b155-705c-4df1-9fe1-4793621a89e9/resourceGroups/MC_internal.mashreq.azureuaenorth.rbg.digital_nonprod_mashreq-aksrbg_uaenorth/providers/Microsoft.Network/networkInterfaces/aks-aksclusrbg-25364551-nic-1/ipConfigurations/ipconfig63",
              "/subscriptions/9027b155-705c-4df1-9fe1-4793621a89e9/resourceGroups/MC_internal.mashreq.azureuaenorth.rbg.digital_nonprod_mashreq-aksrbg_uaenorth/providers/Microsoft.Network/networkInterfaces/aks-aksclusrbg-25364551-nic-1/ipConfigurations/ipconfig64",
              "/subscriptions/9027b155-705c-4df1-9fe1-4793621a89e9/resourceGroups/MC_internal.mashreq.azureuaenorth.rbg.digital_nonprod_mashreq-aksrbg_uaenorth/providers/Microsoft.Network/networkInterfaces/aks-aksclusrbg-25364551-nic-1/ipConfigurations/ipconfig65",
              "/subscriptions/9027b155-705c-4df1-9fe1-4793621a89e9/resourceGroups/MC_internal.mashreq.azureuaenorth.rbg.digital_nonprod_mashreq-aksrbg_uaenorth/providers/Microsoft.Network/networkInterfaces/aks-aksclusrbg-25364551-nic-1/ipConfigurations/ipconfig66",
              "/subscriptions/9027b155-705c-4df1-9fe1-4793621a89e9/resourceGroups/MC_internal.mashreq.azureuaenorth.rbg.digital_nonprod_mashreq-aksrbg_uaenorth/providers/Microsoft.Network/networkInterfaces/aks-aksclusrbg-25364551-nic-1/ipConfigurations/ipconfig67",
              "/subscriptions/9027b155-705c-4df1-9fe1-4793621a89e9/resourceGroups/MC_internal.mashreq.azureuaenorth.rbg.digital_nonprod_mashreq-aksrbg_uaenorth/providers/Microsoft.Network/networkInterfaces/aks-aksclusrbg-25364551-nic-1/ipConfigurations/ipconfig68",
              "/subscriptions/9027b155-705c-4df1-9fe1-4793621a89e9/resourceGroups/MC_internal.mashreq.azureuaenorth.rbg.digital_nonprod_mashreq-aksrbg_uaenorth/providers/Microsoft.Network/networkInterfaces/aks-aksclusrbg-25364551-nic-1/ipConfigurations/ipconfig69",
              "/subscriptions/9027b155-705c-4df1-9fe1-4793621a89e9/resourceGroups/MC_internal.mashreq.azureuaenorth.rbg.digital_nonprod_mashreq-aksrbg_uaenorth/providers/Microsoft.Network/networkInterfaces/aks-aksclusrbg-25364551-nic-1/ipConfigurations/ipconfig7",
              "/subscriptions/9027b155-705c-4df1-9fe1-4793621a89e9/resourceGroups/MC_internal.mashreq.azureuaenorth.rbg.digital_nonprod_mashreq-aksrbg_uaenorth/providers/Microsoft.Network/networkInterfaces/aks-aksclusrbg-25364551-nic-1/ipConfigurations/ipconfig70",
              "/subscriptions/9027b155-705c-4df1-9fe1-4793621a89e9/resourceGroups/MC_internal.mashreq.azureuaenorth.rbg.digital_nonprod_mashreq-aksrbg_uaenorth/providers/Microsoft.Network/networkInterfaces/aks-aksclusrbg-25364551-nic-1/ipConfigurations/ipconfig71",
              "/subscriptions/9027b155-705c-4df1-9fe1-4793621a89e9/resourceGroups/MC_internal.mashreq.azureuaenorth.rbg.digital_nonprod_mashreq-aksrbg_uaenorth/providers/Microsoft.Network/networkInterfaces/aks-aksclusrbg-25364551-nic-1/ipConfigurations/ipconfig72",
              "/subscriptions/9027b155-705c-4df1-9fe1-4793621a89e9/resourceGroups/MC_internal.mashreq.azureuaenorth.rbg.digital_nonprod_mashreq-aksrbg_uaenorth/providers/Microsoft.Network/networkInterfaces/aks-aksclusrbg-25364551-nic-1/ipConfigurations/ipconfig73",
              "/subscriptions/9027b155-705c-4df1-9fe1-4793621a89e9/resourceGroups/MC_internal.mashreq.azureuaenorth.rbg.digital_nonprod_mashreq-aksrbg_uaenorth/providers/Microsoft.Network/networkInterfaces/aks-aksclusrbg-25364551-nic-1/ipConfigurations/ipconfig74",
              "/subscriptions/9027b155-705c-4df1-9fe1-4793621a89e9/resourceGroups/MC_internal.mashreq.azureuaenorth.rbg.digital_nonprod_mashreq-aksrbg_uaenorth/providers/Microsoft.Network/networkInterfaces/aks-aksclusrbg-25364551-nic-1/ipConfigurations/ipconfig75",
              "/subscriptions/9027b155-705c-4df1-9fe1-4793621a89e9/resourceGroups/MC_internal.mashreq.azureuaenorth.rbg.digital_nonprod_mashreq-aksrbg_uaenorth/providers/Microsoft.Network/networkInterfaces/aks-aksclusrbg-25364551-nic-1/ipConfigurations/ipconfig76",
              "/subscriptions/9027b155-705c-4df1-9fe1-4793621a89e9/resourceGroups/MC_internal.mashreq.azureuaenorth.rbg.digital_nonprod_mashreq-aksrbg_uaenorth/providers/Microsoft.Network/networkInterfaces/aks-aksclusrbg-25364551-nic-1/ipConfigurations/ipconfig77",
              "/subscriptions/9027b155-705c-4df1-9fe1-4793621a89e9/resourceGroups/MC_internal.mashreq.azureuaenorth.rbg.digital_nonprod_mashreq-aksrbg_uaenorth/providers/Microsoft.Network/networkInterfaces/aks-aksclusrbg-25364551-nic-1/ipConfigurations/ipconfig78",
              "/subscriptions/9027b155-705c-4df1-9fe1-4793621a89e9/resourceGroups/MC_internal.mashreq.azureuaenorth.rbg.digital_nonprod_mashreq-aksrbg_uaenorth/providers/Microsoft.Network/networkInterfaces/aks-aksclusrbg-25364551-nic-1/ipConfigurations/ipconfig79",
              "/subscriptions/9027b155-705c-4df1-9fe1-4793621a89e9/resourceGroups/MC_internal.mashreq.azureuaenorth.rbg.digital_nonprod_mashreq-aksrbg_uaenorth/providers/Microsoft.Network/networkInterfaces/aks-aksclusrbg-25364551-nic-1/ipConfigurations/ipconfig8",
              "/subscriptions/9027b155-705c-4df1-9fe1-4793621a89e9/resourceGroups/MC_internal.mashreq.azureuaenorth.rbg.digital_nonprod_mashreq-aksrbg_uaenorth/providers/Microsoft.Network/networkInterfaces/aks-aksclusrbg-25364551-nic-1/ipConfigurations/ipconfig80",
              "/subscriptions/9027b155-705c-4df1-9fe1-4793621a89e9/resourceGroups/MC_internal.mashreq.azureuaenorth.rbg.digital_nonprod_mashreq-aksrbg_uaenorth/providers/Microsoft.Network/networkInterfaces/aks-aksclusrbg-25364551-nic-1/ipConfigurations/ipconfig81",
              "/subscriptions/9027b155-705c-4df1-9fe1-4793621a89e9/resourceGroups/MC_internal.mashreq.azureuaenorth.rbg.digital_nonprod_mashreq-aksrbg_uaenorth/providers/Microsoft.Network/networkInterfaces/aks-aksclusrbg-25364551-nic-1/ipConfigurations/ipconfig82",
              "/subscriptions/9027b155-705c-4df1-9fe1-4793621a89e9/resourceGroups/MC_internal.mashreq.azureuaenorth.rbg.digital_nonprod_mashreq-aksrbg_uaenorth/providers/Microsoft.Network/networkInterfaces/aks-aksclusrbg-25364551-nic-1/ipConfigurations/ipconfig83",
              "/subscriptions/9027b155-705c-4df1-9fe1-4793621a89e9/resourceGroups/MC_internal.mashreq.azureuaenorth.rbg.digital_nonprod_mashreq-aksrbg_uaenorth/providers/Microsoft.Network/networkInterfaces/aks-aksclusrbg-25364551-nic-1/ipConfigurations/ipconfig84",
              "/subscriptions/9027b155-705c-4df1-9fe1-4793621a89e9/resourceGroups/MC_internal.mashreq.azureuaenorth.rbg.digital_nonprod_mashreq-aksrbg_uaenorth/providers/Microsoft.Network/networkInterfaces/aks-aksclusrbg-25364551-nic-1/ipConfigurations/ipconfig85",
              "/subscriptions/9027b155-705c-4df1-9fe1-4793621a89e9/resourceGroups/MC_internal.mashreq.azureuaenorth.rbg.digital_nonprod_mashreq-aksrbg_uaenorth/providers/Microsoft.Network/networkInterfaces/aks-aksclusrbg-25364551-nic-1/ipConfigurations/ipconfig86",
              "/subscriptions/9027b155-705c-4df1-9fe1-4793621a89e9/resourceGroups/MC_internal.mashreq.azureuaenorth.rbg.digital_nonprod_mashreq-aksrbg_uaenorth/providers/Microsoft.Network/networkInterfaces/aks-aksclusrbg-25364551-nic-1/ipConfigurations/ipconfig87",
              "/subscriptions/9027b155-705c-4df1-9fe1-4793621a89e9/resourceGroups/MC_internal.mashreq.azureuaenorth.rbg.digital_nonprod_mashreq-aksrbg_uaenorth/providers/Microsoft.Network/networkInterfaces/aks-aksclusrbg-25364551-nic-1/ipConfigurations/ipconfig88",
              "/subscriptions/9027b155-705c-4df1-9fe1-4793621a89e9/resourceGroups/MC_internal.mashreq.azureuaenorth.rbg.digital_nonprod_mashreq-aksrbg_uaenorth/providers/Microsoft.Network/networkInterfaces/aks-aksclusrbg-25364551-nic-1/ipConfigurations/ipconfig89",
              "/subscriptions/9027b155-705c-4df1-9fe1-4793621a89e9/resourceGroups/MC_internal.mashreq.azureuaenorth.rbg.digital_nonprod_mashreq-aksrbg_uaenorth/providers/Microsoft.Network/networkInterfaces/aks-aksclusrbg-25364551-nic-1/ipConfigurations/ipconfig9",
              "/subscriptions/9027b155-705c-4df1-9fe1-4793621a89e9/resourceGroups/MC_internal.mashreq.azureuaenorth.rbg.digital_nonprod_mashreq-aksrbg_uaenorth/providers/Microsoft.Network/networkInterfaces/aks-aksclusrbg-25364551-nic-1/ipConfigurations/ipconfig90",
              "/subscriptions/9027b155-705c-4df1-9fe1-4793621a89e9/resourceGroups/MC_internal.mashreq.azureuaenorth.rbg.digital_nonprod_mashreq-aksrbg_uaenorth/providers/Microsoft.Network/networkInterfaces/aks-aksclusrbg-25364551-nic-1/ipConfigurations/ipconfig91",
              "/subscriptions/9027b155-705c-4df1-9fe1-4793621a89e9/resourceGroups/MC_internal.mashreq.azureuaenorth.rbg.digital_nonprod_mashreq-aksrbg_uaenorth/providers/Microsoft.Network/networkInterfaces/aks-aksclusrbg-25364551-nic-1/ipConfigurations/ipconfig92",
              "/subscriptions/9027b155-705c-4df1-9fe1-4793621a89e9/resourceGroups/MC_internal.mashreq.azureuaenorth.rbg.digital_nonprod_mashreq-aksrbg_uaenorth/providers/Microsoft.Network/networkInterfaces/aks-aksclusrbg-25364551-nic-1/ipConfigurations/ipconfig93",
              "/subscriptions/9027b155-705c-4df1-9fe1-4793621a89e9/resourceGroups/MC_internal.mashreq.azureuaenorth.rbg.digital_nonprod_mashreq-aksrbg_uaenorth/providers/Microsoft.Network/networkInterfaces/aks-aksclusrbg-25364551-nic-1/ipConfigurations/ipconfig94",
              "/subscriptions/9027b155-705c-4df1-9fe1-4793621a89e9/resourceGroups/MC_internal.mashreq.azureuaenorth.rbg.digital_nonprod_mashreq-aksrbg_uaenorth/providers/Microsoft.Network/networkInterfaces/aks-aksclusrbg-25364551-nic-1/ipConfigurations/ipconfig95",
              "/subscriptions/9027b155-705c-4df1-9fe1-4793621a89e9/resourceGroups/MC_internal.mashreq.azureuaenorth.rbg.digital_nonprod_mashreq-aksrbg_uaenorth/providers/Microsoft.Network/networkInterfaces/aks-aksclusrbg-25364551-nic-1/ipConfigurations/ipconfig96",
              "/subscriptions/9027b155-705c-4df1-9fe1-4793621a89e9/resourceGroups/MC_internal.mashreq.azureuaenorth.rbg.digital_nonprod_mashreq-aksrbg_uaenorth/providers/Microsoft.Network/networkInterfaces/aks-aksclusrbg-25364551-nic-1/ipConfigurations/ipconfig97",
              "/subscriptions/9027b155-705c-4df1-9fe1-4793621a89e9/resourceGroups/MC_internal.mashreq.azureuaenorth.rbg.digital_nonprod_mashreq-aksrbg_uaenorth/providers/Microsoft.Network/networkInterfaces/aks-aksclusrbg-25364551-nic-1/ipConfigurations/ipconfig98",
              "/subscriptions/9027b155-705c-4df1-9fe1-4793621a89e9/resourceGroups/MC_internal.mashreq.azureuaenorth.rbg.digital_nonprod_mashreq-aksrbg_uaenorth/providers/Microsoft.Network/networkInterfaces/aks-aksclusrbg-25364551-nic-1/ipConfigurations/ipconfig99",
              "/subscriptions/9027b155-705c-4df1-9fe1-4793621a89e9/resourceGroups/MC_internal.mashreq.azureuaenorth.rbg.digital_nonprod_mashreq-aksrbg_uaenorth/providers/Microsoft.Network/networkInterfaces/aks-aksclusrbg-25364551-nic-2/ipConfigurations/ipconfig1",
              "/subscriptions/9027b155-705c-4df1-9fe1-4793621a89e9/resourceGroups/MC_internal.mashreq.azureuaenorth.rbg.digital_nonprod_mashreq-aksrbg_uaenorth/providers/Microsoft.Network/networkInterfaces/aks-aksclusrbg-25364551-nic-2/ipConfigurations/ipconfig10",
              "/subscriptions/9027b155-705c-4df1-9fe1-4793621a89e9/resourceGroups/MC_internal.mashreq.azureuaenorth.rbg.digital_nonprod_mashreq-aksrbg_uaenorth/providers/Microsoft.Network/networkInterfaces/aks-aksclusrbg-25364551-nic-2/ipConfigurations/ipconfig100",
              "/subscriptions/9027b155-705c-4df1-9fe1-4793621a89e9/resourceGroups/MC_internal.mashreq.azureuaenorth.rbg.digital_nonprod_mashreq-aksrbg_uaenorth/providers/Microsoft.Network/networkInterfaces/aks-aksclusrbg-25364551-nic-2/ipConfigurations/ipconfig101",
              "/subscriptions/9027b155-705c-4df1-9fe1-4793621a89e9/resourceGroups/MC_internal.mashreq.azureuaenorth.rbg.digital_nonprod_mashreq-aksrbg_uaenorth/providers/Microsoft.Network/networkInterfaces/aks-aksclusrbg-25364551-nic-2/ipConfigurations/ipconfig11",
              "/subscriptions/9027b155-705c-4df1-9fe1-4793621a89e9/resourceGroups/MC_internal.mashreq.azureuaenorth.rbg.digital_nonprod_mashreq-aksrbg_uaenorth/providers/Microsoft.Network/networkInterfaces/aks-aksclusrbg-25364551-nic-2/ipConfigurations/ipconfig12",
              "/subscriptions/9027b155-705c-4df1-9fe1-4793621a89e9/resourceGroups/MC_internal.mashreq.azureuaenorth.rbg.digital_nonprod_mashreq-aksrbg_uaenorth/providers/Microsoft.Network/networkInterfaces/aks-aksclusrbg-25364551-nic-2/ipConfigurations/ipconfig13",
              "/subscriptions/9027b155-705c-4df1-9fe1-4793621a89e9/resourceGroups/MC_internal.mashreq.azureuaenorth.rbg.digital_nonprod_mashreq-aksrbg_uaenorth/providers/Microsoft.Network/networkInterfaces/aks-aksclusrbg-25364551-nic-2/ipConfigurations/ipconfig14",
              "/subscriptions/9027b155-705c-4df1-9fe1-4793621a89e9/resourceGroups/MC_internal.mashreq.azureuaenorth.rbg.digital_nonprod_mashreq-aksrbg_uaenorth/providers/Microsoft.Network/networkInterfaces/aks-aksclusrbg-25364551-nic-2/ipConfigurations/ipconfig15",
              "/subscriptions/9027b155-705c-4df1-9fe1-4793621a89e9/resourceGroups/MC_internal.mashreq.azureuaenorth.rbg.digital_nonprod_mashreq-aksrbg_uaenorth/providers/Microsoft.Network/networkInterfaces/aks-aksclusrbg-25364551-nic-2/ipConfigurations/ipconfig16",
              "/subscriptions/9027b155-705c-4df1-9fe1-4793621a89e9/resourceGroups/MC_internal.mashreq.azureuaenorth.rbg.digital_nonprod_mashreq-aksrbg_uaenorth/providers/Microsoft.Network/networkInterfaces/aks-aksclusrbg-25364551-nic-2/ipConfigurations/ipconfig17",
              "/subscriptions/9027b155-705c-4df1-9fe1-4793621a89e9/resourceGroups/MC_internal.mashreq.azureuaenorth.rbg.digital_nonprod_mashreq-aksrbg_uaenorth/providers/Microsoft.Network/networkInterfaces/aks-aksclusrbg-25364551-nic-2/ipConfigurations/ipconfig18",
              "/subscriptions/9027b155-705c-4df1-9fe1-4793621a89e9/resourceGroups/MC_internal.mashreq.azureuaenorth.rbg.digital_nonprod_mashreq-aksrbg_uaenorth/providers/Microsoft.Network/networkInterfaces/aks-aksclusrbg-25364551-nic-2/ipConfigurations/ipconfig19",
              "/subscriptions/9027b155-705c-4df1-9fe1-4793621a89e9/resourceGroups/MC_internal.mashreq.azureuaenorth.rbg.digital_nonprod_mashreq-aksrbg_uaenorth/providers/Microsoft.Network/networkInterfaces/aks-aksclusrbg-25364551-nic-2/ipConfigurations/ipconfig2",
              "/subscriptions/9027b155-705c-4df1-9fe1-4793621a89e9/resourceGroups/MC_internal.mashreq.azureuaenorth.rbg.digital_nonprod_mashreq-aksrbg_uaenorth/providers/Microsoft.Network/networkInterfaces/aks-aksclusrbg-25364551-nic-2/ipConfigurations/ipconfig20",
              "/subscriptions/9027b155-705c-4df1-9fe1-4793621a89e9/resourceGroups/MC_internal.mashreq.azureuaenorth.rbg.digital_nonprod_mashreq-aksrbg_uaenorth/providers/Microsoft.Network/networkInterfaces/aks-aksclusrbg-25364551-nic-2/ipConfigurations/ipconfig21",
              "/subscriptions/9027b155-705c-4df1-9fe1-4793621a89e9/resourceGroups/MC_internal.mashreq.azureuaenorth.rbg.digital_nonprod_mashreq-aksrbg_uaenorth/providers/Microsoft.Network/networkInterfaces/aks-aksclusrbg-25364551-nic-2/ipConfigurations/ipconfig22",
              "/subscriptions/9027b155-705c-4df1-9fe1-4793621a89e9/resourceGroups/MC_internal.mashreq.azureuaenorth.rbg.digital_nonprod_mashreq-aksrbg_uaenorth/providers/Microsoft.Network/networkInterfaces/aks-aksclusrbg-25364551-nic-2/ipConfigurations/ipconfig23",
              "/subscriptions/9027b155-705c-4df1-9fe1-4793621a89e9/resourceGroups/MC_internal.mashreq.azureuaenorth.rbg.digital_nonprod_mashreq-aksrbg_uaenorth/providers/Microsoft.Network/networkInterfaces/aks-aksclusrbg-25364551-nic-2/ipConfigurations/ipconfig24",
              "/subscriptions/9027b155-705c-4df1-9fe1-4793621a89e9/resourceGroups/MC_internal.mashreq.azureuaenorth.rbg.digital_nonprod_mashreq-aksrbg_uaenorth/providers/Microsoft.Network/networkInterfaces/aks-aksclusrbg-25364551-nic-2/ipConfigurations/ipconfig25",
              "/subscriptions/9027b155-705c-4df1-9fe1-4793621a89e9/resourceGroups/MC_internal.mashreq.azureuaenorth.rbg.digital_nonprod_mashreq-aksrbg_uaenorth/providers/Microsoft.Network/networkInterfaces/aks-aksclusrbg-25364551-nic-2/ipConfigurations/ipconfig26",
              "/subscriptions/9027b155-705c-4df1-9fe1-4793621a89e9/resourceGroups/MC_internal.mashreq.azureuaenorth.rbg.digital_nonprod_mashreq-aksrbg_uaenorth/providers/Microsoft.Network/networkInterfaces/aks-aksclusrbg-25364551-nic-2/ipConfigurations/ipconfig27",
              "/subscriptions/9027b155-705c-4df1-9fe1-4793621a89e9/resourceGroups/MC_internal.mashreq.azureuaenorth.rbg.digital_nonprod_mashreq-aksrbg_uaenorth/providers/Microsoft.Network/networkInterfaces/aks-aksclusrbg-25364551-nic-2/ipConfigurations/ipconfig28",
              "/subscriptions/9027b155-705c-4df1-9fe1-4793621a89e9/resourceGroups/MC_internal.mashreq.azureuaenorth.rbg.digital_nonprod_mashreq-aksrbg_uaenorth/providers/Microsoft.Network/networkInterfaces/aks-aksclusrbg-25364551-nic-2/ipConfigurations/ipconfig29",
              "/subscriptions/9027b155-705c-4df1-9fe1-4793621a89e9/resourceGroups/MC_internal.mashreq.azureuaenorth.rbg.digital_nonprod_mashreq-aksrbg_uaenorth/providers/Microsoft.Network/networkInterfaces/aks-aksclusrbg-25364551-nic-2/ipConfigurations/ipconfig3",
              "/subscriptions/9027b155-705c-4df1-9fe1-4793621a89e9/resourceGroups/MC_internal.mashreq.azureuaenorth.rbg.digital_nonprod_mashreq-aksrbg_uaenorth/providers/Microsoft.Network/networkInterfaces/aks-aksclusrbg-25364551-nic-2/ipConfigurations/ipconfig30",
              "/subscriptions/9027b155-705c-4df1-9fe1-4793621a89e9/resourceGroups/MC_internal.mashreq.azureuaenorth.rbg.digital_nonprod_mashreq-aksrbg_uaenorth/providers/Microsoft.Network/networkInterfaces/aks-aksclusrbg-25364551-nic-2/ipConfigurations/ipconfig31",
              "/subscriptions/9027b155-705c-4df1-9fe1-4793621a89e9/resourceGroups/MC_internal.mashreq.azureuaenorth.rbg.digital_nonprod_mashreq-aksrbg_uaenorth/providers/Microsoft.Network/networkInterfaces/aks-aksclusrbg-25364551-nic-2/ipConfigurations/ipconfig32",
              "/subscriptions/9027b155-705c-4df1-9fe1-4793621a89e9/resourceGroups/MC_internal.mashreq.azureuaenorth.rbg.digital_nonprod_mashreq-aksrbg_uaenorth/providers/Microsoft.Network/networkInterfaces/aks-aksclusrbg-25364551-nic-2/ipConfigurations/ipconfig33",
              "/subscriptions/9027b155-705c-4df1-9fe1-4793621a89e9/resourceGroups/MC_internal.mashreq.azureuaenorth.rbg.digital_nonprod_mashreq-aksrbg_uaenorth/providers/Microsoft.Network/networkInterfaces/aks-aksclusrbg-25364551-nic-2/ipConfigurations/ipconfig34",
              "/subscriptions/9027b155-705c-4df1-9fe1-4793621a89e9/resourceGroups/MC_internal.mashreq.azureuaenorth.rbg.digital_nonprod_mashreq-aksrbg_uaenorth/providers/Microsoft.Network/networkInterfaces/aks-aksclusrbg-25364551-nic-2/ipConfigurations/ipconfig35",
              "/subscriptions/9027b155-705c-4df1-9fe1-4793621a89e9/resourceGroups/MC_internal.mashreq.azureuaenorth.rbg.digital_nonprod_mashreq-aksrbg_uaenorth/providers/Microsoft.Network/networkInterfaces/aks-aksclusrbg-25364551-nic-2/ipConfigurations/ipconfig36",
              "/subscriptions/9027b155-705c-4df1-9fe1-4793621a89e9/resourceGroups/MC_internal.mashreq.azureuaenorth.rbg.digital_nonprod_mashreq-aksrbg_uaenorth/providers/Microsoft.Network/networkInterfaces/aks-aksclusrbg-25364551-nic-2/ipConfigurations/ipconfig37",
              "/subscriptions/9027b155-705c-4df1-9fe1-4793621a89e9/resourceGroups/MC_internal.mashreq.azureuaenorth.rbg.digital_nonprod_mashreq-aksrbg_uaenorth/providers/Microsoft.Network/networkInterfaces/aks-aksclusrbg-25364551-nic-2/ipConfigurations/ipconfig38",
              "/subscriptions/9027b155-705c-4df1-9fe1-4793621a89e9/resourceGroups/MC_internal.mashreq.azureuaenorth.rbg.digital_nonprod_mashreq-aksrbg_uaenorth/providers/Microsoft.Network/networkInterfaces/aks-aksclusrbg-25364551-nic-2/ipConfigurations/ipconfig39",
              "/subscriptions/9027b155-705c-4df1-9fe1-4793621a89e9/resourceGroups/MC_internal.mashreq.azureuaenorth.rbg.digital_nonprod_mashreq-aksrbg_uaenorth/providers/Microsoft.Network/networkInterfaces/aks-aksclusrbg-25364551-nic-2/ipConfigurations/ipconfig4",
              "/subscriptions/9027b155-705c-4df1-9fe1-4793621a89e9/resourceGroups/MC_internal.mashreq.azureuaenorth.rbg.digital_nonprod_mashreq-aksrbg_uaenorth/providers/Microsoft.Network/networkInterfaces/aks-aksclusrbg-25364551-nic-2/ipConfigurations/ipconfig40",
              "/subscriptions/9027b155-705c-4df1-9fe1-4793621a89e9/resourceGroups/MC_internal.mashreq.azureuaenorth.rbg.digital_nonprod_mashreq-aksrbg_uaenorth/providers/Microsoft.Network/networkInterfaces/aks-aksclusrbg-25364551-nic-2/ipConfigurations/ipconfig41",
              "/subscriptions/9027b155-705c-4df1-9fe1-4793621a89e9/resourceGroups/MC_internal.mashreq.azureuaenorth.rbg.digital_nonprod_mashreq-aksrbg_uaenorth/providers/Microsoft.Network/networkInterfaces/aks-aksclusrbg-25364551-nic-2/ipConfigurations/ipconfig42",
              "/subscriptions/9027b155-705c-4df1-9fe1-4793621a89e9/resourceGroups/MC_internal.mashreq.azureuaenorth.rbg.digital_nonprod_mashreq-aksrbg_uaenorth/providers/Microsoft.Network/networkInterfaces/aks-aksclusrbg-25364551-nic-2/ipConfigurations/ipconfig43",
              "/subscriptions/9027b155-705c-4df1-9fe1-4793621a89e9/resourceGroups/MC_internal.mashreq.azureuaenorth.rbg.digital_nonprod_mashreq-aksrbg_uaenorth/providers/Microsoft.Network/networkInterfaces/aks-aksclusrbg-25364551-nic-2/ipConfigurations/ipconfig44",
              "/subscriptions/9027b155-705c-4df1-9fe1-4793621a89e9/resourceGroups/MC_internal.mashreq.azureuaenorth.rbg.digital_nonprod_mashreq-aksrbg_uaenorth/providers/Microsoft.Network/networkInterfaces/aks-aksclusrbg-25364551-nic-2/ipConfigurations/ipconfig45",
              "/subscriptions/9027b155-705c-4df1-9fe1-4793621a89e9/resourceGroups/MC_internal.mashreq.azureuaenorth.rbg.digital_nonprod_mashreq-aksrbg_uaenorth/providers/Microsoft.Network/networkInterfaces/aks-aksclusrbg-25364551-nic-2/ipConfigurations/ipconfig46",
              "/subscriptions/9027b155-705c-4df1-9fe1-4793621a89e9/resourceGroups/MC_internal.mashreq.azureuaenorth.rbg.digital_nonprod_mashreq-aksrbg_uaenorth/providers/Microsoft.Network/networkInterfaces/aks-aksclusrbg-25364551-nic-2/ipConfigurations/ipconfig47",
              "/subscriptions/9027b155-705c-4df1-9fe1-4793621a89e9/resourceGroups/MC_internal.mashreq.azureuaenorth.rbg.digital_nonprod_mashreq-aksrbg_uaenorth/providers/Microsoft.Network/networkInterfaces/aks-aksclusrbg-25364551-nic-2/ipConfigurations/ipconfig48",
              "/subscriptions/9027b155-705c-4df1-9fe1-4793621a89e9/resourceGroups/MC_internal.mashreq.azureuaenorth.rbg.digital_nonprod_mashreq-aksrbg_uaenorth/providers/Microsoft.Network/networkInterfaces/aks-aksclusrbg-25364551-nic-2/ipConfigurations/ipconfig49",
              "/subscriptions/9027b155-705c-4df1-9fe1-4793621a89e9/resourceGroups/MC_internal.mashreq.azureuaenorth.rbg.digital_nonprod_mashreq-aksrbg_uaenorth/providers/Microsoft.Network/networkInterfaces/aks-aksclusrbg-25364551-nic-2/ipConfigurations/ipconfig5",
              "/subscriptions/9027b155-705c-4df1-9fe1-4793621a89e9/resourceGroups/MC_internal.mashreq.azureuaenorth.rbg.digital_nonprod_mashreq-aksrbg_uaenorth/providers/Microsoft.Network/networkInterfaces/aks-aksclusrbg-25364551-nic-2/ipConfigurations/ipconfig50",
              "/subscriptions/9027b155-705c-4df1-9fe1-4793621a89e9/resourceGroups/MC_internal.mashreq.azureuaenorth.rbg.digital_nonprod_mashreq-aksrbg_uaenorth/providers/Microsoft.Network/networkInterfaces/aks-aksclusrbg-25364551-nic-2/ipConfigurations/ipconfig51",
              "/subscriptions/9027b155-705c-4df1-9fe1-4793621a89e9/resourceGroups/MC_internal.mashreq.azureuaenorth.rbg.digital_nonprod_mashreq-aksrbg_uaenorth/providers/Microsoft.Network/networkInterfaces/aks-aksclusrbg-25364551-nic-2/ipConfigurations/ipconfig52",
              "/subscriptions/9027b155-705c-4df1-9fe1-4793621a89e9/resourceGroups/MC_internal.mashreq.azureuaenorth.rbg.digital_nonprod_mashreq-aksrbg_uaenorth/providers/Microsoft.Network/networkInterfaces/aks-aksclusrbg-25364551-nic-2/ipConfigurations/ipconfig53",
              "/subscriptions/9027b155-705c-4df1-9fe1-4793621a89e9/resourceGroups/MC_internal.mashreq.azureuaenorth.rbg.digital_nonprod_mashreq-aksrbg_uaenorth/providers/Microsoft.Network/networkInterfaces/aks-aksclusrbg-25364551-nic-2/ipConfigurations/ipconfig54",
              "/subscriptions/9027b155-705c-4df1-9fe1-4793621a89e9/resourceGroups/MC_internal.mashreq.azureuaenorth.rbg.digital_nonprod_mashreq-aksrbg_uaenorth/providers/Microsoft.Network/networkInterfaces/aks-aksclusrbg-25364551-nic-2/ipConfigurations/ipconfig55",
              "/subscriptions/9027b155-705c-4df1-9fe1-4793621a89e9/resourceGroups/MC_internal.mashreq.azureuaenorth.rbg.digital_nonprod_mashreq-aksrbg_uaenorth/providers/Microsoft.Network/networkInterfaces/aks-aksclusrbg-25364551-nic-2/ipConfigurations/ipconfig56",
              "/subscriptions/9027b155-705c-4df1-9fe1-4793621a89e9/resourceGroups/MC_internal.mashreq.azureuaenorth.rbg.digital_nonprod_mashreq-aksrbg_uaenorth/providers/Microsoft.Network/networkInterfaces/aks-aksclusrbg-25364551-nic-2/ipConfigurations/ipconfig57",
              "/subscriptions/9027b155-705c-4df1-9fe1-4793621a89e9/resourceGroups/MC_internal.mashreq.azureuaenorth.rbg.digital_nonprod_mashreq-aksrbg_uaenorth/providers/Microsoft.Network/networkInterfaces/aks-aksclusrbg-25364551-nic-2/ipConfigurations/ipconfig58",
              "/subscriptions/9027b155-705c-4df1-9fe1-4793621a89e9/resourceGroups/MC_internal.mashreq.azureuaenorth.rbg.digital_nonprod_mashreq-aksrbg_uaenorth/providers/Microsoft.Network/networkInterfaces/aks-aksclusrbg-25364551-nic-2/ipConfigurations/ipconfig59",
              "/subscriptions/9027b155-705c-4df1-9fe1-4793621a89e9/resourceGroups/MC_internal.mashreq.azureuaenorth.rbg.digital_nonprod_mashreq-aksrbg_uaenorth/providers/Microsoft.Network/networkInterfaces/aks-aksclusrbg-25364551-nic-2/ipConfigurations/ipconfig6",
              "/subscriptions/9027b155-705c-4df1-9fe1-4793621a89e9/resourceGroups/MC_internal.mashreq.azureuaenorth.rbg.digital_nonprod_mashreq-aksrbg_uaenorth/providers/Microsoft.Network/networkInterfaces/aks-aksclusrbg-25364551-nic-2/ipConfigurations/ipconfig60",
              "/subscriptions/9027b155-705c-4df1-9fe1-4793621a89e9/resourceGroups/MC_internal.mashreq.azureuaenorth.rbg.digital_nonprod_mashreq-aksrbg_uaenorth/providers/Microsoft.Network/networkInterfaces/aks-aksclusrbg-25364551-nic-2/ipConfigurations/ipconfig61",
              "/subscriptions/9027b155-705c-4df1-9fe1-4793621a89e9/resourceGroups/MC_internal.mashreq.azureuaenorth.rbg.digital_nonprod_mashreq-aksrbg_uaenorth/providers/Microsoft.Network/networkInterfaces/aks-aksclusrbg-25364551-nic-2/ipConfigurations/ipconfig62",
              "/subscriptions/9027b155-705c-4df1-9fe1-4793621a89e9/resourceGroups/MC_internal.mashreq.azureuaenorth.rbg.digital_nonprod_mashreq-aksrbg_uaenorth/providers/Microsoft.Network/networkInterfaces/aks-aksclusrbg-25364551-nic-2/ipConfigurations/ipconfig63",
              "/subscriptions/9027b155-705c-4df1-9fe1-4793621a89e9/resourceGroups/MC_internal.mashreq.azureuaenorth.rbg.digital_nonprod_mashreq-aksrbg_uaenorth/providers/Microsoft.Network/networkInterfaces/aks-aksclusrbg-25364551-nic-2/ipConfigurations/ipconfig64",
              "/subscriptions/9027b155-705c-4df1-9fe1-4793621a89e9/resourceGroups/MC_internal.mashreq.azureuaenorth.rbg.digital_nonprod_mashreq-aksrbg_uaenorth/providers/Microsoft.Network/networkInterfaces/aks-aksclusrbg-25364551-nic-2/ipConfigurations/ipconfig65",
              "/subscriptions/9027b155-705c-4df1-9fe1-4793621a89e9/resourceGroups/MC_internal.mashreq.azureuaenorth.rbg.digital_nonprod_mashreq-aksrbg_uaenorth/providers/Microsoft.Network/networkInterfaces/aks-aksclusrbg-25364551-nic-2/ipConfigurations/ipconfig66",
              "/subscriptions/9027b155-705c-4df1-9fe1-4793621a89e9/resourceGroups/MC_internal.mashreq.azureuaenorth.rbg.digital_nonprod_mashreq-aksrbg_uaenorth/providers/Microsoft.Network/networkInterfaces/aks-aksclusrbg-25364551-nic-2/ipConfigurations/ipconfig67",
              "/subscriptions/9027b155-705c-4df1-9fe1-4793621a89e9/resourceGroups/MC_internal.mashreq.azureuaenorth.rbg.digital_nonprod_mashreq-aksrbg_uaenorth/providers/Microsoft.Network/networkInterfaces/aks-aksclusrbg-25364551-nic-2/ipConfigurations/ipconfig68",
              "/subscriptions/9027b155-705c-4df1-9fe1-4793621a89e9/resourceGroups/MC_internal.mashreq.azureuaenorth.rbg.digital_nonprod_mashreq-aksrbg_uaenorth/providers/Microsoft.Network/networkInterfaces/aks-aksclusrbg-25364551-nic-2/ipConfigurations/ipconfig69",
              "/subscriptions/9027b155-705c-4df1-9fe1-4793621a89e9/resourceGroups/MC_internal.mashreq.azureuaenorth.rbg.digital_nonprod_mashreq-aksrbg_uaenorth/providers/Microsoft.Network/networkInterfaces/aks-aksclusrbg-25364551-nic-2/ipConfigurations/ipconfig7",
              "/subscriptions/9027b155-705c-4df1-9fe1-4793621a89e9/resourceGroups/MC_internal.mashreq.azureuaenorth.rbg.digital_nonprod_mashreq-aksrbg_uaenorth/providers/Microsoft.Network/networkInterfaces/aks-aksclusrbg-25364551-nic-2/ipConfigurations/ipconfig70",
              "/subscriptions/9027b155-705c-4df1-9fe1-4793621a89e9/resourceGroups/MC_internal.mashreq.azureuaenorth.rbg.digital_nonprod_mashreq-aksrbg_uaenorth/providers/Microsoft.Network/networkInterfaces/aks-aksclusrbg-25364551-nic-2/ipConfigurations/ipconfig71",
              "/subscriptions/9027b155-705c-4df1-9fe1-4793621a89e9/resourceGroups/MC_internal.mashreq.azureuaenorth.rbg.digital_nonprod_mashreq-aksrbg_uaenorth/providers/Microsoft.Network/networkInterfaces/aks-aksclusrbg-25364551-nic-2/ipConfigurations/ipconfig72",
              "/subscriptions/9027b155-705c-4df1-9fe1-4793621a89e9/resourceGroups/MC_internal.mashreq.azureuaenorth.rbg.digital_nonprod_mashreq-aksrbg_uaenorth/providers/Microsoft.Network/networkInterfaces/aks-aksclusrbg-25364551-nic-2/ipConfigurations/ipconfig73",
              "/subscriptions/9027b155-705c-4df1-9fe1-4793621a89e9/resourceGroups/MC_internal.mashreq.azureuaenorth.rbg.digital_nonprod_mashreq-aksrbg_uaenorth/providers/Microsoft.Network/networkInterfaces/aks-aksclusrbg-25364551-nic-2/ipConfigurations/ipconfig74",
              "/subscriptions/9027b155-705c-4df1-9fe1-4793621a89e9/resourceGroups/MC_internal.mashreq.azureuaenorth.rbg.digital_nonprod_mashreq-aksrbg_uaenorth/providers/Microsoft.Network/networkInterfaces/aks-aksclusrbg-25364551-nic-2/ipConfigurations/ipconfig75",
              "/subscriptions/9027b155-705c-4df1-9fe1-4793621a89e9/resourceGroups/MC_internal.mashreq.azureuaenorth.rbg.digital_nonprod_mashreq-aksrbg_uaenorth/providers/Microsoft.Network/networkInterfaces/aks-aksclusrbg-25364551-nic-2/ipConfigurations/ipconfig76",
              "/subscriptions/9027b155-705c-4df1-9fe1-4793621a89e9/resourceGroups/MC_internal.mashreq.azureuaenorth.rbg.digital_nonprod_mashreq-aksrbg_uaenorth/providers/Microsoft.Network/networkInterfaces/aks-aksclusrbg-25364551-nic-2/ipConfigurations/ipconfig77",
              "/subscriptions/9027b155-705c-4df1-9fe1-4793621a89e9/resourceGroups/MC_internal.mashreq.azureuaenorth.rbg.digital_nonprod_mashreq-aksrbg_uaenorth/providers/Microsoft.Network/networkInterfaces/aks-aksclusrbg-25364551-nic-2/ipConfigurations/ipconfig78",
              "/subscriptions/9027b155-705c-4df1-9fe1-4793621a89e9/resourceGroups/MC_internal.mashreq.azureuaenorth.rbg.digital_nonprod_mashreq-aksrbg_uaenorth/providers/Microsoft.Network/networkInterfaces/aks-aksclusrbg-25364551-nic-2/ipConfigurations/ipconfig79",
              "/subscriptions/9027b155-705c-4df1-9fe1-4793621a89e9/resourceGroups/MC_internal.mashreq.azureuaenorth.rbg.digital_nonprod_mashreq-aksrbg_uaenorth/providers/Microsoft.Network/networkInterfaces/aks-aksclusrbg-25364551-nic-2/ipConfigurations/ipconfig8",
              "/subscriptions/9027b155-705c-4df1-9fe1-4793621a89e9/resourceGroups/MC_internal.mashreq.azureuaenorth.rbg.digital_nonprod_mashreq-aksrbg_uaenorth/providers/Microsoft.Network/networkInterfaces/aks-aksclusrbg-25364551-nic-2/ipConfigurations/ipconfig80",
              "/subscriptions/9027b155-705c-4df1-9fe1-4793621a89e9/resourceGroups/MC_internal.mashreq.azureuaenorth.rbg.digital_nonprod_mashreq-aksrbg_uaenorth/providers/Microsoft.Network/networkInterfaces/aks-aksclusrbg-25364551-nic-2/ipConfigurations/ipconfig81",
              "/subscriptions/9027b155-705c-4df1-9fe1-4793621a89e9/resourceGroups/MC_internal.mashreq.azureuaenorth.rbg.digital_nonprod_mashreq-aksrbg_uaenorth/providers/Microsoft.Network/networkInterfaces/aks-aksclusrbg-25364551-nic-2/ipConfigurations/ipconfig82",
              "/subscriptions/9027b155-705c-4df1-9fe1-4793621a89e9/resourceGroups/MC_internal.mashreq.azureuaenorth.rbg.digital_nonprod_mashreq-aksrbg_uaenorth/providers/Microsoft.Network/networkInterfaces/aks-aksclusrbg-25364551-nic-2/ipConfigurations/ipconfig83",
              "/subscriptions/9027b155-705c-4df1-9fe1-4793621a89e9/resourceGroups/MC_internal.mashreq.azureuaenorth.rbg.digital_nonprod_mashreq-aksrbg_uaenorth/providers/Microsoft.Network/networkInterfaces/aks-aksclusrbg-25364551-nic-2/ipConfigurations/ipconfig84",
              "/subscriptions/9027b155-705c-4df1-9fe1-4793621a89e9/resourceGroups/MC_internal.mashreq.azureuaenorth.rbg.digital_nonprod_mashreq-aksrbg_uaenorth/providers/Microsoft.Network/networkInterfaces/aks-aksclusrbg-25364551-nic-2/ipConfigurations/ipconfig85",
              "/subscriptions/9027b155-705c-4df1-9fe1-4793621a89e9/resourceGroups/MC_internal.mashreq.azureuaenorth.rbg.digital_nonprod_mashreq-aksrbg_uaenorth/providers/Microsoft.Network/networkInterfaces/aks-aksclusrbg-25364551-nic-2/ipConfigurations/ipconfig86",
              "/subscriptions/9027b155-705c-4df1-9fe1-4793621a89e9/resourceGroups/MC_internal.mashreq.azureuaenorth.rbg.digital_nonprod_mashreq-aksrbg_uaenorth/providers/Microsoft.Network/networkInterfaces/aks-aksclusrbg-25364551-nic-2/ipConfigurations/ipconfig87",
              "/subscriptions/9027b155-705c-4df1-9fe1-4793621a89e9/resourceGroups/MC_internal.mashreq.azureuaenorth.rbg.digital_nonprod_mashreq-aksrbg_uaenorth/providers/Microsoft.Network/networkInterfaces/aks-aksclusrbg-25364551-nic-2/ipConfigurations/ipconfig88",
              "/subscriptions/9027b155-705c-4df1-9fe1-4793621a89e9/resourceGroups/MC_internal.mashreq.azureuaenorth.rbg.digital_nonprod_mashreq-aksrbg_uaenorth/providers/Microsoft.Network/networkInterfaces/aks-aksclusrbg-25364551-nic-2/ipConfigurations/ipconfig89",
              "/subscriptions/9027b155-705c-4df1-9fe1-4793621a89e9/resourceGroups/MC_internal.mashreq.azureuaenorth.rbg.digital_nonprod_mashreq-aksrbg_uaenorth/providers/Microsoft.Network/networkInterfaces/aks-aksclusrbg-25364551-nic-2/ipConfigurations/ipconfig9",
              "/subscriptions/9027b155-705c-4df1-9fe1-4793621a89e9/resourceGroups/MC_internal.mashreq.azureuaenorth.rbg.digital_nonprod_mashreq-aksrbg_uaenorth/providers/Microsoft.Network/networkInterfaces/aks-aksclusrbg-25364551-nic-2/ipConfigurations/ipconfig90",
              "/subscriptions/9027b155-705c-4df1-9fe1-4793621a89e9/resourceGroups/MC_internal.mashreq.azureuaenorth.rbg.digital_nonprod_mashreq-aksrbg_uaenorth/providers/Microsoft.Network/networkInterfaces/aks-aksclusrbg-25364551-nic-2/ipConfigurations/ipconfig91",
              "/subscriptions/9027b155-705c-4df1-9fe1-4793621a89e9/resourceGroups/MC_internal.mashreq.azureuaenorth.rbg.digital_nonprod_mashreq-aksrbg_uaenorth/providers/Microsoft.Network/networkInterfaces/aks-aksclusrbg-25364551-nic-2/ipConfigurations/ipconfig92",
              "/subscriptions/9027b155-705c-4df1-9fe1-4793621a89e9/resourceGroups/MC_internal.mashreq.azureuaenorth.rbg.digital_nonprod_mashreq-aksrbg_uaenorth/providers/Microsoft.Network/networkInterfaces/aks-aksclusrbg-25364551-nic-2/ipConfigurations/ipconfig93",
              "/subscriptions/9027b155-705c-4df1-9fe1-4793621a89e9/resourceGroups/MC_internal.mashreq.azureuaenorth.rbg.digital_nonprod_mashreq-aksrbg_uaenorth/providers/Microsoft.Network/networkInterfaces/aks-aksclusrbg-25364551-nic-2/ipConfigurations/ipconfig94",
              "/subscriptions/9027b155-705c-4df1-9fe1-4793621a89e9/resourceGroups/MC_internal.mashreq.azureuaenorth.rbg.digital_nonprod_mashreq-aksrbg_uaenorth/providers/Microsoft.Network/networkInterfaces/aks-aksclusrbg-25364551-nic-2/ipConfigurations/ipconfig95",
              "/subscriptions/9027b155-705c-4df1-9fe1-4793621a89e9/resourceGroups/MC_internal.mashreq.azureuaenorth.rbg.digital_nonprod_mashreq-aksrbg_uaenorth/providers/Microsoft.Network/networkInterfaces/aks-aksclusrbg-25364551-nic-2/ipConfigurations/ipconfig96",
              "/subscriptions/9027b155-705c-4df1-9fe1-4793621a89e9/resourceGroups/MC_internal.mashreq.azureuaenorth.rbg.digital_nonprod_mashreq-aksrbg_uaenorth/providers/Microsoft.Network/networkInterfaces/aks-aksclusrbg-25364551-nic-2/ipConfigurations/ipconfig97",
              "/subscriptions/9027b155-705c-4df1-9fe1-4793621a89e9/resourceGroups/MC_internal.mashreq.azureuaenorth.rbg.digital_nonprod_mashreq-aksrbg_uaenorth/providers/Microsoft.Network/networkInterfaces/aks-aksclusrbg-25364551-nic-2/ipConfigurations/ipconfig98",
              "/subscriptions/9027b155-705c-4df1-9fe1-4793621a89e9/resourceGroups/MC_internal.mashreq.azureuaenorth.rbg.digital_nonprod_mashreq-aksrbg_uaenorth/providers/Microsoft.Network/networkInterfaces/aks-aksclusrbg-25364551-nic-2/ipConfigurations/ipconfig99"
            ],
            "name": "internal.mashreq.azureuaenorth.rbg.digital_nonprod.aks",
            "network_security_group_id": "",
            "resource_group_name": "internal.mashreq.azureuaenorth.rbg.digital_nonprod",
            "route_table_id": "",
            "service_endpoints": [],
            "virtual_network_name": "internal.mashreq.azureuaenorth.rbg.digital_nonprod"
          },
          "private": "bnVsbA=="
        }
      ]
    },
    {
      "module": "module.vnet",
      "mode": "managed",
      "type": "azurerm_virtual_network",
      "name": "virtual_network",
      "provider": "provider.azurerm",
      "instances": [
        {
          "schema_version": 0,
          "attributes": {
            "address_space": [
              "10.208.0.0/15"
            ],
            "ddos_protection_plan": [
              {
                "enable": false,
                "id": "/subscriptions/9027b155-705c-4df1-9fe1-4793621a89e9/resourceGroups/internal.mashreq.azureuaenorth.rbg.digital_nonprod/providers/Microsoft.Network/ddosProtectionPlans/internal.mashreq.azureuaenorth.rbg.digital_nonprod.ddosplan"
              }
            ],
            "dns_servers": [],
            "id": "/subscriptions/9027b155-705c-4df1-9fe1-4793621a89e9/resourceGroups/internal.mashreq.azureuaenorth.rbg.digital_nonprod/providers/Microsoft.Network/virtualNetworks/internal.mashreq.azureuaenorth.rbg.digital_nonprod",
            "location": "uaenorth",
            "name": "internal.mashreq.azureuaenorth.rbg.digital_nonprod",
            "resource_group_name": "internal.mashreq.azureuaenorth.rbg.digital_nonprod",
            "subnet": [
              {
                "address_prefix": "10.208.0.0/20",
                "id": "/subscriptions/9027b155-705c-4df1-9fe1-4793621a89e9/resourceGroups/internal.mashreq.azureuaenorth.rbg.digital_nonprod/providers/Microsoft.Network/virtualNetworks/internal.mashreq.azureuaenorth.rbg.digital_nonprod/subnets/internal.mashreq.azureuaenorth.rbg.digital_nonprod.aks",
                "name": "internal.mashreq.azureuaenorth.rbg.digital_nonprod.aks",
                "security_group": ""
              }
            ],
            "tags": {
              "cost_center_code": "",
              "created_month_and_year": "DEC-2019",
              "environment": "Dev",
              "pricing_model": "PAYG",
              "project_name": "RBG",
              "project_owner": "Binoy Puthenpurayil",
              "subscription": "mashreq-uae-non-prod-rbg"
            }
          },
          "private": "bnVsbA==",
          "depends_on": [
            "azurerm_ddos_protection_plan.ddos_protection_plan"
          ]
        }
      ]
    }
  ]
}
